// !$*UTF8*$!
{
	archiveVersion = 1;
	classes = {
	};
	objectVersion = 46;
	objects = {

/* Begin PBXBuildFile section */
		7A0E70D81C3CBBF200D825CC /* SelectCityViewController.m in Sources */ = {isa = PBXBuildFile; fileRef = 7A0E70D71C3CBBF200D825CC /* SelectCityViewController.m */; };
		7A0E70DB1C3CBD9100D825CC /* SearchViewController.m in Sources */ = {isa = PBXBuildFile; fileRef = 7A0E70DA1C3CBD9100D825CC /* SearchViewController.m */; };
		7A0E70DE1C3CBE7000D825CC /* ActivityDetailViewController.m in Sources */ = {isa = PBXBuildFile; fileRef = 7A0E70DD1C3CBE7000D825CC /* ActivityDetailViewController.m */; };
		7A0E70E11C3CBF3F00D825CC /* ThemeViewController.m in Sources */ = {isa = PBXBuildFile; fileRef = 7A0E70E01C3CBF3F00D825CC /* ThemeViewController.m */; };
		7A0E70E41C3CBFEE00D825CC /* ClassifyViewController.m in Sources */ = {isa = PBXBuildFile; fileRef = 7A0E70E31C3CBFEE00D825CC /* ClassifyViewController.m */; };
		7A0E70E71C3CC06200D825CC /* GoodActivityViewController.m in Sources */ = {isa = PBXBuildFile; fileRef = 7A0E70E61C3CC06200D825CC /* GoodActivityViewController.m */; };
		7A0E70EA1C3CC06F00D825CC /* HotActivityViewController.m in Sources */ = {isa = PBXBuildFile; fileRef = 7A0E70E91C3CC06F00D825CC /* HotActivityViewController.m */; };
		7A1461AC1C3A1C3A009ECF24 /* main.m in Sources */ = {isa = PBXBuildFile; fileRef = 7A1461AB1C3A1C3A009ECF24 /* main.m */; };
		7A1461AF1C3A1C3A009ECF24 /* AppDelegate.m in Sources */ = {isa = PBXBuildFile; fileRef = 7A1461AE1C3A1C3A009ECF24 /* AppDelegate.m */; };
		7A1461B11C3A1C3A009ECF24 /* Assets.xcassets in Resources */ = {isa = PBXBuildFile; fileRef = 7A1461B01C3A1C3A009ECF24 /* Assets.xcassets */; };
		7A1461B41C3A1C3A009ECF24 /* LaunchScreen.storyboard in Resources */ = {isa = PBXBuildFile; fileRef = 7A1461B21C3A1C3A009ECF24 /* LaunchScreen.storyboard */; };
		7A1461D71C3A4E35009ECF24 /* DiscoverViewController.m in Sources */ = {isa = PBXBuildFile; fileRef = 7A1461C81C3A4E35009ECF24 /* DiscoverViewController.m */; };
		7A1461D81C3A4E35009ECF24 /* MainViewController.m in Sources */ = {isa = PBXBuildFile; fileRef = 7A1461CE1C3A4E35009ECF24 /* MainViewController.m */; };
		7A1461D91C3A4E35009ECF24 /* MineViewController.m in Sources */ = {isa = PBXBuildFile; fileRef = 7A1461D41C3A4E35009ECF24 /* MineViewController.m */; };
		7A1461DF1C3A50C3009ECF24 /* DiscoverStoryboard.storyboard in Resources */ = {isa = PBXBuildFile; fileRef = 7A1461DE1C3A50C3009ECF24 /* DiscoverStoryboard.storyboard */; };
		7A1461E11C3A50CF009ECF24 /* MainStoryboard.storyboard in Resources */ = {isa = PBXBuildFile; fileRef = 7A1461E01C3A50CF009ECF24 /* MainStoryboard.storyboard */; };
		7A1461E31C3A50E0009ECF24 /* MineStoryboard.storyboard in Resources */ = {isa = PBXBuildFile; fileRef = 7A1461E21C3A50E0009ECF24 /* MineStoryboard.storyboard */; };
		7A1461E71C3A766B009ECF24 /* MainTableViewCell.m in Sources */ = {isa = PBXBuildFile; fileRef = 7A1461E51C3A766B009ECF24 /* MainTableViewCell.m */; };
		7A1461E81C3A766B009ECF24 /* MainTableViewCell.xib in Resources */ = {isa = PBXBuildFile; fileRef = 7A1461E61C3A766B009ECF24 /* MainTableViewCell.xib */; };
		7A5D0B4C1C3E10FC002D4089 /* ActivityDetailView.m in Sources */ = {isa = PBXBuildFile; fileRef = 7A5D0B4B1C3E10FC002D4089 /* ActivityDetailView.m */; };
		7AAA6B081C3B9D640030B5E5 /* File in Resources */ = {isa = PBXBuildFile; fileRef = 7AAA6B071C3B9D640030B5E5 /* File */; };
		7AAA6B0B1C3BA0660030B5E5 /* MainModel.m in Sources */ = {isa = PBXBuildFile; fileRef = 7AAA6B0A1C3BA0660030B5E5 /* MainModel.m */; };
		7AAB91461C3D1B030015E05A /* File1 in Resources */ = {isa = PBXBuildFile; fileRef = 7AAB91451C3D1B030015E05A /* File1 */; };
		7AAB91491C3D201F0015E05A /* UIViewController+Common.m in Sources */ = {isa = PBXBuildFile; fileRef = 7AAB91481C3D201F0015E05A /* UIViewController+Common.m */; };
		7D4C24FAB1E850F51F24D29E /* libPods.a in Frameworks */ = {isa = PBXBuildFile; fileRef = 41F02FB9DCE46F57D258F1A3 /* libPods.a */; };
/* End PBXBuildFile section */

/* Begin PBXFileReference section */
		41F02FB9DCE46F57D258F1A3 /* libPods.a */ = {isa = PBXFileReference; explicitFileType = archive.ar; includeInIndex = 0; path = libPods.a; sourceTree = BUILT_PRODUCTS_DIR; };
		4AA258B7DAAADBF3CED53B63 /* Pods.release.xcconfig */ = {isa = PBXFileReference; includeInIndex = 1; lastKnownFileType = text.xcconfig; name = Pods.release.xcconfig; path = "Pods/Target Support Files/Pods/Pods.release.xcconfig"; sourceTree = "<group>"; };
		7A0E70A91C3C93AC00D825CC /* pch.pch */ = {isa = PBXFileReference; lastKnownFileType = sourcecode.c.h; path = pch.pch; sourceTree = "<group>"; };
		7A0E70D51C3CB33D00D825CC /* HWHeader.h */ = {isa = PBXFileReference; fileEncoding = 4; lastKnownFileType = sourcecode.c.h; path = HWHeader.h; sourceTree = "<group>"; };
		7A0E70D61C3CBBF200D825CC /* SelectCityViewController.h */ = {isa = PBXFileReference; fileEncoding = 4; lastKnownFileType = sourcecode.c.h; path = SelectCityViewController.h; sourceTree = "<group>"; };
		7A0E70D71C3CBBF200D825CC /* SelectCityViewController.m */ = {isa = PBXFileReference; fileEncoding = 4; lastKnownFileType = sourcecode.c.objc; path = SelectCityViewController.m; sourceTree = "<group>"; };
		7A0E70D91C3CBD9100D825CC /* SearchViewController.h */ = {isa = PBXFileReference; fileEncoding = 4; lastKnownFileType = sourcecode.c.h; path = SearchViewController.h; sourceTree = "<group>"; };
		7A0E70DA1C3CBD9100D825CC /* SearchViewController.m */ = {isa = PBXFileReference; fileEncoding = 4; lastKnownFileType = sourcecode.c.objc; path = SearchViewController.m; sourceTree = "<group>"; };
		7A0E70DC1C3CBE7000D825CC /* ActivityDetailViewController.h */ = {isa = PBXFileReference; fileEncoding = 4; lastKnownFileType = sourcecode.c.h; path = ActivityDetailViewController.h; sourceTree = "<group>"; };
		7A0E70DD1C3CBE7000D825CC /* ActivityDetailViewController.m */ = {isa = PBXFileReference; fileEncoding = 4; lastKnownFileType = sourcecode.c.objc; path = ActivityDetailViewController.m; sourceTree = "<group>"; };
		7A0E70DF1C3CBF3F00D825CC /* ThemeViewController.h */ = {isa = PBXFileReference; fileEncoding = 4; lastKnownFileType = sourcecode.c.h; path = ThemeViewController.h; sourceTree = "<group>"; };
		7A0E70E01C3CBF3F00D825CC /* ThemeViewController.m */ = {isa = PBXFileReference; fileEncoding = 4; lastKnownFileType = sourcecode.c.objc; path = ThemeViewController.m; sourceTree = "<group>"; };
		7A0E70E21C3CBFEE00D825CC /* ClassifyViewController.h */ = {isa = PBXFileReference; fileEncoding = 4; lastKnownFileType = sourcecode.c.h; path = ClassifyViewController.h; sourceTree = "<group>"; };
		7A0E70E31C3CBFEE00D825CC /* ClassifyViewController.m */ = {isa = PBXFileReference; fileEncoding = 4; lastKnownFileType = sourcecode.c.objc; path = ClassifyViewController.m; sourceTree = "<group>"; };
		7A0E70E51C3CC06200D825CC /* GoodActivityViewController.h */ = {isa = PBXFileReference; fileEncoding = 4; lastKnownFileType = sourcecode.c.h; path = GoodActivityViewController.h; sourceTree = "<group>"; };
		7A0E70E61C3CC06200D825CC /* GoodActivityViewController.m */ = {isa = PBXFileReference; fileEncoding = 4; lastKnownFileType = sourcecode.c.objc; path = GoodActivityViewController.m; sourceTree = "<group>"; };
		7A0E70E81C3CC06F00D825CC /* HotActivityViewController.h */ = {isa = PBXFileReference; fileEncoding = 4; lastKnownFileType = sourcecode.c.h; path = HotActivityViewController.h; sourceTree = "<group>"; };
		7A0E70E91C3CC06F00D825CC /* HotActivityViewController.m */ = {isa = PBXFileReference; fileEncoding = 4; lastKnownFileType = sourcecode.c.objc; path = HotActivityViewController.m; sourceTree = "<group>"; };
		7A1461A71C3A1C3A009ECF24 /* HiWeekend.app */ = {isa = PBXFileReference; explicitFileType = wrapper.application; includeInIndex = 0; path = HiWeekend.app; sourceTree = BUILT_PRODUCTS_DIR; };
		7A1461AB1C3A1C3A009ECF24 /* main.m */ = {isa = PBXFileReference; lastKnownFileType = sourcecode.c.objc; path = main.m; sourceTree = "<group>"; };
		7A1461AD1C3A1C3A009ECF24 /* AppDelegate.h */ = {isa = PBXFileReference; lastKnownFileType = sourcecode.c.h; path = AppDelegate.h; sourceTree = "<group>"; };
		7A1461AE1C3A1C3A009ECF24 /* AppDelegate.m */ = {isa = PBXFileReference; lastKnownFileType = sourcecode.c.objc; path = AppDelegate.m; sourceTree = "<group>"; };
		7A1461B01C3A1C3A009ECF24 /* Assets.xcassets */ = {isa = PBXFileReference; lastKnownFileType = folder.assetcatalog; path = Assets.xcassets; sourceTree = "<group>"; };
		7A1461B31C3A1C3A009ECF24 /* Base */ = {isa = PBXFileReference; lastKnownFileType = file.storyboard; name = Base; path = Base.lproj/LaunchScreen.storyboard; sourceTree = "<group>"; };
		7A1461B51C3A1C3A009ECF24 /* Info.plist */ = {isa = PBXFileReference; lastKnownFileType = text.plist.xml; path = Info.plist; sourceTree = "<group>"; };
		7A1461C71C3A4E35009ECF24 /* DiscoverViewController.h */ = {isa = PBXFileReference; fileEncoding = 4; lastKnownFileType = sourcecode.c.h; path = DiscoverViewController.h; sourceTree = "<group>"; };
		7A1461C81C3A4E35009ECF24 /* DiscoverViewController.m */ = {isa = PBXFileReference; fileEncoding = 4; lastKnownFileType = sourcecode.c.objc; path = DiscoverViewController.m; sourceTree = "<group>"; };
		7A1461CD1C3A4E35009ECF24 /* MainViewController.h */ = {isa = PBXFileReference; fileEncoding = 4; lastKnownFileType = sourcecode.c.h; path = MainViewController.h; sourceTree = "<group>"; };
		7A1461CE1C3A4E35009ECF24 /* MainViewController.m */ = {isa = PBXFileReference; fileEncoding = 4; lastKnownFileType = sourcecode.c.objc; path = MainViewController.m; sourceTree = "<group>"; };
		7A1461D31C3A4E35009ECF24 /* MineViewController.h */ = {isa = PBXFileReference; fileEncoding = 4; lastKnownFileType = sourcecode.c.h; path = MineViewController.h; sourceTree = "<group>"; };
		7A1461D41C3A4E35009ECF24 /* MineViewController.m */ = {isa = PBXFileReference; fileEncoding = 4; lastKnownFileType = sourcecode.c.objc; path = MineViewController.m; sourceTree = "<group>"; };
		7A1461DE1C3A50C3009ECF24 /* DiscoverStoryboard.storyboard */ = {isa = PBXFileReference; fileEncoding = 4; lastKnownFileType = file.storyboard; path = DiscoverStoryboard.storyboard; sourceTree = "<group>"; };
		7A1461E01C3A50CF009ECF24 /* MainStoryboard.storyboard */ = {isa = PBXFileReference; fileEncoding = 4; lastKnownFileType = file.storyboard; path = MainStoryboard.storyboard; sourceTree = "<group>"; };
		7A1461E21C3A50E0009ECF24 /* MineStoryboard.storyboard */ = {isa = PBXFileReference; fileEncoding = 4; lastKnownFileType = file.storyboard; path = MineStoryboard.storyboard; sourceTree = "<group>"; };
		7A1461E41C3A766B009ECF24 /* MainTableViewCell.h */ = {isa = PBXFileReference; fileEncoding = 4; lastKnownFileType = sourcecode.c.h; path = MainTableViewCell.h; sourceTree = "<group>"; };
		7A1461E51C3A766B009ECF24 /* MainTableViewCell.m */ = {isa = PBXFileReference; fileEncoding = 4; lastKnownFileType = sourcecode.c.objc; path = MainTableViewCell.m; sourceTree = "<group>"; };
		7A1461E61C3A766B009ECF24 /* MainTableViewCell.xib */ = {isa = PBXFileReference; fileEncoding = 4; lastKnownFileType = file.xib; path = MainTableViewCell.xib; sourceTree = "<group>"; };
		7A5D0B4A1C3E10FC002D4089 /* ActivityDetailView.h */ = {isa = PBXFileReference; fileEncoding = 4; lastKnownFileType = sourcecode.c.h; path = ActivityDetailView.h; sourceTree = "<group>"; };
		7A5D0B4B1C3E10FC002D4089 /* ActivityDetailView.m */ = {isa = PBXFileReference; fileEncoding = 4; lastKnownFileType = sourcecode.c.objc; path = ActivityDetailView.m; sourceTree = "<group>"; };
		7AAA6B071C3B9D640030B5E5 /* File */ = {isa = PBXFileReference; fileEncoding = 4; lastKnownFileType = text; path = File; sourceTree = "<group>"; };
		7AAA6B091C3BA0660030B5E5 /* MainModel.h */ = {isa = PBXFileReference; fileEncoding = 4; lastKnownFileType = sourcecode.c.h; path = MainModel.h; sourceTree = "<group>"; };
		7AAA6B0A1C3BA0660030B5E5 /* MainModel.m */ = {isa = PBXFileReference; fileEncoding = 4; lastKnownFileType = sourcecode.c.objc; path = MainModel.m; sourceTree = "<group>"; };
		7AAB91451C3D1B030015E05A /* File1 */ = {isa = PBXFileReference; fileEncoding = 4; lastKnownFileType = text; path = File1; sourceTree = "<group>"; };
		7AAB91471C3D201F0015E05A /* UIViewController+Common.h */ = {isa = PBXFileReference; fileEncoding = 4; lastKnownFileType = sourcecode.c.h; name = "UIViewController+Common.h"; path = "Classes/Main/Controllers/UIViewController+Common.h"; sourceTree = "<group>"; };
		7AAB91481C3D201F0015E05A /* UIViewController+Common.m */ = {isa = PBXFileReference; fileEncoding = 4; lastKnownFileType = sourcecode.c.objc; name = "UIViewController+Common.m"; path = "Classes/Main/Controllers/UIViewController+Common.m"; sourceTree = "<group>"; };
		B7EFB4AC9C1EA88504B16BCE /* Pods.debug.xcconfig */ = {isa = PBXFileReference; includeInIndex = 1; lastKnownFileType = text.xcconfig; name = Pods.debug.xcconfig; path = "Pods/Target Support Files/Pods/Pods.debug.xcconfig"; sourceTree = "<group>"; };
/* End PBXFileReference section */

/* Begin PBXFrameworksBuildPhase section */
		7A1461A41C3A1C3A009ECF24 /* Frameworks */ = {
			isa = PBXFrameworksBuildPhase;
			buildActionMask = 2147483647;
			files = (
				7D4C24FAB1E850F51F24D29E /* libPods.a in Frameworks */,
			);
			runOnlyForDeploymentPostprocessing = 0;
		};
/* End PBXFrameworksBuildPhase section */

/* Begin PBXGroup section */
		10F1EC64345003C81EEDA486 /* Pods */ = {
			isa = PBXGroup;
			children = (
				B7EFB4AC9C1EA88504B16BCE /* Pods.debug.xcconfig */,
				4AA258B7DAAADBF3CED53B63 /* Pods.release.xcconfig */,
			);
			name = Pods;
			sourceTree = "<group>";
		};
		7A14619E1C3A1C3A009ECF24 = {
			isa = PBXGroup;
			children = (
				7A1461A91C3A1C3A009ECF24 /* HiWeekend */,
				7A1461A81C3A1C3A009ECF24 /* Products */,
				10F1EC64345003C81EEDA486 /* Pods */,
				B777CC04BED718B6D38A8A85 /* Frameworks */,
			);
			sourceTree = "<group>";
		};
		7A1461A81C3A1C3A009ECF24 /* Products */ = {
			isa = PBXGroup;
			children = (
				7A1461A71C3A1C3A009ECF24 /* HiWeekend.app */,
			);
			name = Products;
			sourceTree = "<group>";
		};
		7A1461A91C3A1C3A009ECF24 /* HiWeekend */ = {
			isa = PBXGroup;
			children = (
				7A1461AD1C3A1C3A009ECF24 /* AppDelegate.h */,
				7A1461AE1C3A1C3A009ECF24 /* AppDelegate.m */,
				7A0E70A91C3C93AC00D825CC /* pch.pch */,
				7A0E70D51C3CB33D00D825CC /* HWHeader.h */,
				7AAB91471C3D201F0015E05A /* UIViewController+Common.h */,
				7AAB91481C3D201F0015E05A /* UIViewController+Common.m */,
				7A1461C41C3A4E35009ECF24 /* Classes */,
				7A1461DA1C3A4E3F009ECF24 /* Library */,
				7A1461DB1C3A4FB2009ECF24 /* Resource */,
				7A1461B01C3A1C3A009ECF24 /* Assets.xcassets */,
				7A1461B21C3A1C3A009ECF24 /* LaunchScreen.storyboard */,
				7A1461B51C3A1C3A009ECF24 /* Info.plist */,
				7A1461AA1C3A1C3A009ECF24 /* Supporting Files */,
			);
			path = HiWeekend;
			sourceTree = "<group>";
		};
		7A1461AA1C3A1C3A009ECF24 /* Supporting Files */ = {
			isa = PBXGroup;
			children = (
				7A1461AB1C3A1C3A009ECF24 /* main.m */,
			);
			name = "Supporting Files";
			sourceTree = "<group>";
		};
		7A1461C41C3A4E35009ECF24 /* Classes */ = {
			isa = PBXGroup;
			children = (
				7A1461CB1C3A4E35009ECF24 /* Main */,
				7A1461C51C3A4E35009ECF24 /* Discover */,
				7A1461D11C3A4E35009ECF24 /* Mine */,
			);
			path = Classes;
			sourceTree = "<group>";
		};
		7A1461C51C3A4E35009ECF24 /* Discover */ = {
			isa = PBXGroup;
			children = (
				7A1461C61C3A4E35009ECF24 /* Controllers */,
				7A1461C91C3A4E35009ECF24 /* Models */,
				7A1461CA1C3A4E35009ECF24 /* Views */,
			);
			path = Discover;
			sourceTree = "<group>";
		};
		7A1461C61C3A4E35009ECF24 /* Controllers */ = {
			isa = PBXGroup;
			children = (
				7A1461C71C3A4E35009ECF24 /* DiscoverViewController.h */,
				7A1461C81C3A4E35009ECF24 /* DiscoverViewController.m */,
			);
			path = Controllers;
			sourceTree = "<group>";
		};
		7A1461C91C3A4E35009ECF24 /* Models */ = {
			isa = PBXGroup;
			children = (
			);
			path = Models;
			sourceTree = "<group>";
		};
		7A1461CA1C3A4E35009ECF24 /* Views */ = {
			isa = PBXGroup;
			children = (
				7A1461DE1C3A50C3009ECF24 /* DiscoverStoryboard.storyboard */,
			);
			path = Views;
			sourceTree = "<group>";
		};
		7A1461CB1C3A4E35009ECF24 /* Main */ = {
			isa = PBXGroup;
			children = (
				7A1461CC1C3A4E35009ECF24 /* Controllers */,
				7A1461CF1C3A4E35009ECF24 /* Models */,
				7A1461D01C3A4E35009ECF24 /* Views */,
			);
			path = Main;
			sourceTree = "<group>";
		};
		7A1461CC1C3A4E35009ECF24 /* Controllers */ = {
			isa = PBXGroup;
			children = (
				7A1461CD1C3A4E35009ECF24 /* MainViewController.h */,
				7A1461CE1C3A4E35009ECF24 /* MainViewController.m */,
				7A0E70E51C3CC06200D825CC /* GoodActivityViewController.h */,
				7A0E70E61C3CC06200D825CC /* GoodActivityViewController.m */,
				7A0E70E81C3CC06F00D825CC /* HotActivityViewController.h */,
				7A0E70E91C3CC06F00D825CC /* HotActivityViewController.m */,
				7A0E70DF1C3CBF3F00D825CC /* ThemeViewController.h */,
				7A0E70E01C3CBF3F00D825CC /* ThemeViewController.m */,
				7A0E70D61C3CBBF200D825CC /* SelectCityViewController.h */,
				7A0E70D71C3CBBF200D825CC /* SelectCityViewController.m */,
				7A0E70D91C3CBD9100D825CC /* SearchViewController.h */,
				7A0E70DA1C3CBD9100D825CC /* SearchViewController.m */,
				7A0E70DC1C3CBE7000D825CC /* ActivityDetailViewController.h */,
				7A0E70DD1C3CBE7000D825CC /* ActivityDetailViewController.m */,
				7A0E70E21C3CBFEE00D825CC /* ClassifyViewController.h */,
				7A0E70E31C3CBFEE00D825CC /* ClassifyViewController.m */,
			);
			path = Controllers;
			sourceTree = "<group>";
		};
		7A1461CF1C3A4E35009ECF24 /* Models */ = {
			isa = PBXGroup;
			children = (
				7AAA6B071C3B9D640030B5E5 /* File */,
				7AAB91451C3D1B030015E05A /* File1 */,
				7AAA6B091C3BA0660030B5E5 /* MainModel.h */,
				7AAA6B0A1C3BA0660030B5E5 /* MainModel.m */,
			);
			path = Models;
			sourceTree = "<group>";
		};
		7A1461D01C3A4E35009ECF24 /* Views */ = {
			isa = PBXGroup;
			children = (
				7A1461E01C3A50CF009ECF24 /* MainStoryboard.storyboard */,
				7A1461E41C3A766B009ECF24 /* MainTableViewCell.h */,
				7A1461E51C3A766B009ECF24 /* MainTableViewCell.m */,
				7A5D0B4A1C3E10FC002D4089 /* ActivityDetailView.h */,
				7A5D0B4B1C3E10FC002D4089 /* ActivityDetailView.m */,
				7A1461E61C3A766B009ECF24 /* MainTableViewCell.xib */,
			);
			path = Views;
			sourceTree = "<group>";
		};
		7A1461D11C3A4E35009ECF24 /* Mine */ = {
			isa = PBXGroup;
			children = (
				7A1461D21C3A4E35009ECF24 /* Controllers */,
				7A1461D51C3A4E35009ECF24 /* Models */,
				7A1461D61C3A4E35009ECF24 /* Views */,
			);
			path = Mine;
			sourceTree = "<group>";
		};
		7A1461D21C3A4E35009ECF24 /* Controllers */ = {
			isa = PBXGroup;
			children = (
				7A1461D31C3A4E35009ECF24 /* MineViewController.h */,
				7A1461D41C3A4E35009ECF24 /* MineViewController.m */,
			);
			path = Controllers;
			sourceTree = "<group>";
		};
		7A1461D51C3A4E35009ECF24 /* Models */ = {
			isa = PBXGroup;
			children = (
			);
			path = Models;
			sourceTree = "<group>";
		};
		7A1461D61C3A4E35009ECF24 /* Views */ = {
			isa = PBXGroup;
			children = (
				7A1461E21C3A50E0009ECF24 /* MineStoryboard.storyboard */,
			);
			path = Views;
			sourceTree = "<group>";
		};
		7A1461DA1C3A4E3F009ECF24 /* Library */ = {
			isa = PBXGroup;
			children = (
			);
			path = Library;
			sourceTree = "<group>";
		};
		7A1461DB1C3A4FB2009ECF24 /* Resource */ = {
			isa = PBXGroup;
			children = (
			);
			path = Resource;
			sourceTree = "<group>";
		};
		B777CC04BED718B6D38A8A85 /* Frameworks */ = {
			isa = PBXGroup;
			children = (
				41F02FB9DCE46F57D258F1A3 /* libPods.a */,
			);
			name = Frameworks;
			sourceTree = "<group>";
		};
/* End PBXGroup section */

/* Begin PBXNativeTarget section */
		7A1461A61C3A1C3A009ECF24 /* HiWeekend */ = {
			isa = PBXNativeTarget;
			buildConfigurationList = 7A1461B81C3A1C3A009ECF24 /* Build configuration list for PBXNativeTarget "HiWeekend" */;
			buildPhases = (
				DCACFFC49C1BF2CDE33BBE5C /* Check Pods Manifest.lock */,
				7A1461A31C3A1C3A009ECF24 /* Sources */,
				7A1461A41C3A1C3A009ECF24 /* Frameworks */,
				7A1461A51C3A1C3A009ECF24 /* Resources */,
				0000B1D6F508DB2DF83CB24E /* Embed Pods Frameworks */,
				7413BC88832F037DD7ACE76F /* Copy Pods Resources */,
			);
			buildRules = (
			);
			dependencies = (
			);
			name = HiWeekend;
			productName = HiWeekend;
			productReference = 7A1461A71C3A1C3A009ECF24 /* HiWeekend.app */;
			productType = "com.apple.product-type.application";
		};
/* End PBXNativeTarget section */

/* Begin PBXProject section */
		7A14619F1C3A1C3A009ECF24 /* Project object */ = {
			isa = PBXProject;
			attributes = {
				LastUpgradeCheck = 0720;
				ORGANIZATIONNAME = scjy;
				TargetAttributes = {
					7A1461A61C3A1C3A009ECF24 = {
						CreatedOnToolsVersion = 7.2;
					};
				};
			};
			buildConfigurationList = 7A1461A21C3A1C3A009ECF24 /* Build configuration list for PBXProject "HiWeekend" */;
			compatibilityVersion = "Xcode 3.2";
			developmentRegion = English;
			hasScannedForEncodings = 0;
			knownRegions = (
				en,
				Base,
			);
			mainGroup = 7A14619E1C3A1C3A009ECF24;
			productRefGroup = 7A1461A81C3A1C3A009ECF24 /* Products */;
			projectDirPath = "";
			projectRoot = "";
			targets = (
				7A1461A61C3A1C3A009ECF24 /* HiWeekend */,
			);
		};
/* End PBXProject section */

/* Begin PBXResourcesBuildPhase section */
		7A1461A51C3A1C3A009ECF24 /* Resources */ = {
			isa = PBXResourcesBuildPhase;
			buildActionMask = 2147483647;
			files = (
				7A1461E81C3A766B009ECF24 /* MainTableViewCell.xib in Resources */,
				7A1461DF1C3A50C3009ECF24 /* DiscoverStoryboard.storyboard in Resources */,
				7AAA6B081C3B9D640030B5E5 /* File in Resources */,
				7A1461B11C3A1C3A009ECF24 /* Assets.xcassets in Resources */,
				7A1461E11C3A50CF009ECF24 /* MainStoryboard.storyboard in Resources */,
				7A1461B41C3A1C3A009ECF24 /* LaunchScreen.storyboard in Resources */,
				7AAB91461C3D1B030015E05A /* File1 in Resources */,
				7A1461E31C3A50E0009ECF24 /* MineStoryboard.storyboard in Resources */,
			);
			runOnlyForDeploymentPostprocessing = 0;
		};
/* End PBXResourcesBuildPhase section */

/* Begin PBXShellScriptBuildPhase section */
		0000B1D6F508DB2DF83CB24E /* Embed Pods Frameworks */ = {
			isa = PBXShellScriptBuildPhase;
			buildActionMask = 2147483647;
			files = (
			);
			inputPaths = (
			);
			name = "Embed Pods Frameworks";
			outputPaths = (
			);
			runOnlyForDeploymentPostprocessing = 0;
			shellPath = /bin/sh;
			shellScript = "\"${SRCROOT}/Pods/Target Support Files/Pods/Pods-frameworks.sh\"\n";
			showEnvVarsInLog = 0;
		};
		7413BC88832F037DD7ACE76F /* Copy Pods Resources */ = {
			isa = PBXShellScriptBuildPhase;
			buildActionMask = 2147483647;
			files = (
			);
			inputPaths = (
			);
			name = "Copy Pods Resources";
			outputPaths = (
			);
			runOnlyForDeploymentPostprocessing = 0;
			shellPath = /bin/sh;
			shellScript = "\"${SRCROOT}/Pods/Target Support Files/Pods/Pods-resources.sh\"\n";
			showEnvVarsInLog = 0;
		};
		DCACFFC49C1BF2CDE33BBE5C /* Check Pods Manifest.lock */ = {
			isa = PBXShellScriptBuildPhase;
			buildActionMask = 2147483647;
			files = (
			);
			inputPaths = (
			);
			name = "Check Pods Manifest.lock";
			outputPaths = (
			);
			runOnlyForDeploymentPostprocessing = 0;
			shellPath = /bin/sh;
			shellScript = "diff \"${PODS_ROOT}/../Podfile.lock\" \"${PODS_ROOT}/Manifest.lock\" > /dev/null\nif [[ $? != 0 ]] ; then\n    cat << EOM\nerror: The sandbox is not in sync with the Podfile.lock. Run 'pod install' or update your CocoaPods installation.\nEOM\n    exit 1\nfi\n";
			showEnvVarsInLog = 0;
		};
/* End PBXShellScriptBuildPhase section */

/* Begin PBXSourcesBuildPhase section */
		7A1461A31C3A1C3A009ECF24 /* Sources */ = {
			isa = PBXSourcesBuildPhase;
			buildActionMask = 2147483647;
			files = (
				7A0E70E41C3CBFEE00D825CC /* ClassifyViewController.m in Sources */,
				7A0E70EA1C3CC06F00D825CC /* HotActivityViewController.m in Sources */,
				7A1461E71C3A766B009ECF24 /* MainTableViewCell.m in Sources */,
				7A0E70E71C3CC06200D825CC /* GoodActivityViewController.m in Sources */,
				7A1461AF1C3A1C3A009ECF24 /* AppDelegate.m in Sources */,
				7A1461D71C3A4E35009ECF24 /* DiscoverViewController.m in Sources */,
				7A1461D91C3A4E35009ECF24 /* MineViewController.m in Sources */,
				7A0E70DE1C3CBE7000D825CC /* ActivityDetailViewController.m in Sources */,
				7A0E70DB1C3CBD9100D825CC /* SearchViewController.m in Sources */,
				7A0E70E11C3CBF3F00D825CC /* ThemeViewController.m in Sources */,
				7A5D0B4C1C3E10FC002D4089 /* ActivityDetailView.m in Sources */,
				7A1461AC1C3A1C3A009ECF24 /* main.m in Sources */,
				7A0E70D81C3CBBF200D825CC /* SelectCityViewController.m in Sources */,
				7A1461D81C3A4E35009ECF24 /* MainViewController.m in Sources */,
				7AAB91491C3D201F0015E05A /* UIViewController+Common.m in Sources */,
				7AAA6B0B1C3BA0660030B5E5 /* MainModel.m in Sources */,
			);
			runOnlyForDeploymentPostprocessing = 0;
		};
/* End PBXSourcesBuildPhase section */

/* Begin PBXVariantGroup section */
		7A1461B21C3A1C3A009ECF24 /* LaunchScreen.storyboard */ = {
			isa = PBXVariantGroup;
			children = (
				7A1461B31C3A1C3A009ECF24 /* Base */,
			);
			name = LaunchScreen.storyboard;
			sourceTree = "<group>";
		};
/* End PBXVariantGroup section */

/* Begin XCBuildConfiguration section */
		7A1461B61C3A1C3A009ECF24 /* Debug */ = {
			isa = XCBuildConfiguration;
			buildSettings = {
				ALWAYS_SEARCH_USER_PATHS = NO;
				CLANG_CXX_LANGUAGE_STANDARD = "gnu++0x";
				CLANG_CXX_LIBRARY = "libc++";
				CLANG_ENABLE_MODULES = YES;
				CLANG_ENABLE_OBJC_ARC = YES;
				CLANG_WARN_BOOL_CONVERSION = YES;
				CLANG_WARN_CONSTANT_CONVERSION = YES;
				CLANG_WARN_DIRECT_OBJC_ISA_USAGE = YES_ERROR;
				CLANG_WARN_EMPTY_BODY = YES;
				CLANG_WARN_ENUM_CONVERSION = YES;
				CLANG_WARN_INT_CONVERSION = YES;
				CLANG_WARN_OBJC_ROOT_CLASS = YES_ERROR;
				CLANG_WARN_UNREACHABLE_CODE = YES;
				CLANG_WARN__DUPLICATE_METHOD_MATCH = YES;
				"CODE_SIGN_IDENTITY[sdk=iphoneos*]" = "iPhone Developer";
				COPY_PHASE_STRIP = NO;
				DEBUG_INFORMATION_FORMAT = dwarf;
				ENABLE_STRICT_OBJC_MSGSEND = YES;
				ENABLE_TESTABILITY = YES;
				GCC_C_LANGUAGE_STANDARD = gnu99;
				GCC_DYNAMIC_NO_PIC = NO;
				GCC_NO_COMMON_BLOCKS = YES;
				GCC_OPTIMIZATION_LEVEL = 0;
				GCC_PREPROCESSOR_DEFINITIONS = (
					"DEBUG=1",
					"$(inherited)",
				);
				GCC_WARN_64_TO_32_BIT_CONVERSION = YES;
				GCC_WARN_ABOUT_RETURN_TYPE = YES_ERROR;
				GCC_WARN_UNDECLARED_SELECTOR = YES;
				GCC_WARN_UNINITIALIZED_AUTOS = YES_AGGRESSIVE;
				GCC_WARN_UNUSED_FUNCTION = YES;
				GCC_WARN_UNUSED_VARIABLE = YES;
				IPHONEOS_DEPLOYMENT_TARGET = 9.2;
				MTL_ENABLE_DEBUG_INFO = YES;
				ONLY_ACTIVE_ARCH = YES;
				SDKROOT = iphoneos;
			};
			name = Debug;
		};
		7A1461B71C3A1C3A009ECF24 /* Release */ = {
			isa = XCBuildConfiguration;
			buildSettings = {
				ALWAYS_SEARCH_USER_PATHS = NO;
				CLANG_CXX_LANGUAGE_STANDARD = "gnu++0x";
				CLANG_CXX_LIBRARY = "libc++";
				CLANG_ENABLE_MODULES = YES;
				CLANG_ENABLE_OBJC_ARC = YES;
				CLANG_WARN_BOOL_CONVERSION = YES;
				CLANG_WARN_CONSTANT_CONVERSION = YES;
				CLANG_WARN_DIRECT_OBJC_ISA_USAGE = YES_ERROR;
				CLANG_WARN_EMPTY_BODY = YES;
				CLANG_WARN_ENUM_CONVERSION = YES;
				CLANG_WARN_INT_CONVERSION = YES;
				CLANG_WARN_OBJC_ROOT_CLASS = YES_ERROR;
				CLANG_WARN_UNREACHABLE_CODE = YES;
				CLANG_WARN__DUPLICATE_METHOD_MATCH = YES;
				"CODE_SIGN_IDENTITY[sdk=iphoneos*]" = "iPhone Developer";
				COPY_PHASE_STRIP = NO;
				DEBUG_INFORMATION_FORMAT = "dwarf-with-dsym";
				ENABLE_NS_ASSERTIONS = NO;
				ENABLE_STRICT_OBJC_MSGSEND = YES;
				GCC_C_LANGUAGE_STANDARD = gnu99;
				GCC_NO_COMMON_BLOCKS = YES;
				GCC_WARN_64_TO_32_BIT_CONVERSION = YES;
				GCC_WARN_ABOUT_RETURN_TYPE = YES_ERROR;
				GCC_WARN_UNDECLARED_SELECTOR = YES;
				GCC_WARN_UNINITIALIZED_AUTOS = YES_AGGRESSIVE;
				GCC_WARN_UNUSED_FUNCTION = YES;
				GCC_WARN_UNUSED_VARIABLE = YES;
				IPHONEOS_DEPLOYMENT_TARGET = 9.2;
				MTL_ENABLE_DEBUG_INFO = NO;
				SDKROOT = iphoneos;
				VALIDATE_PRODUCT = YES;
			};
			name = Release;
		};
		7A1461B91C3A1C3A009ECF24 /* Debug */ = {
			isa = XCBuildConfiguration;
			baseConfigurationReference = B7EFB4AC9C1EA88504B16BCE /* Pods.debug.xcconfig */;
			buildSettings = {
				ASSETCATALOG_COMPILER_APPICON_NAME = AppIcon;
				GCC_PRECOMPILE_PREFIX_HEADER = YES;
				GCC_PREFIX_HEADER = "$(SRCROOT)/HiWeekend/pch.pch";
				INFOPLIST_FILE = HiWeekend/Info.plist;
				IPHONEOS_DEPLOYMENT_TARGET = 7.0;
				LD_RUNPATH_SEARCH_PATHS = "$(inherited) @executable_path/Frameworks";
				PRODUCT_BUNDLE_IDENTIFIER = zhangli.HiWeekend;
				PRODUCT_NAME = "$(TARGET_NAME)";
			};
			name = Debug;
		};
		7A1461BA1C3A1C3A009ECF24 /* Release */ = {
			isa = XCBuildConfiguration;
			baseConfigurationReference = 4AA258B7DAAADBF3CED53B63 /* Pods.release.xcconfig */;
			buildSettings = {
				ASSETCATALOG_COMPILER_APPICON_NAME = AppIcon;
				GCC_PRECOMPILE_PREFIX_HEADER = YES;
				GCC_PREFIX_HEADER = "$(SRCROOT)/HiWeekend/pch.pch";
				INFOPLIST_FILE = HiWeekend/Info.plist;
				IPHONEOS_DEPLOYMENT_TARGET = 7.0;
				LD_RUNPATH_SEARCH_PATHS = "$(inherited) @executable_path/Frameworks";
				PRODUCT_BUNDLE_IDENTIFIER = zhangli.HiWeekend;
				PRODUCT_NAME = "$(TARGET_NAME)";
			};
			name = Release;
		};
/* End XCBuildConfiguration section */

/* Begin XCConfigurationList section */
		7A1461A21C3A1C3A009ECF24 /* Build configuration list for PBXProject "HiWeekend" */ = {
			isa = XCConfigurationList;
			buildConfigurations = (
				7A1461B61C3A1C3A009ECF24 /* Debug */,
				7A1461B71C3A1C3A009ECF24 /* Release */,
			);
			defaultConfigurationIsVisible = 0;
			defaultConfigurationName = Release;
		};
		7A1461B81C3A1C3A009ECF24 /* Build configuration list for PBXNativeTarget "HiWeekend" */ = {
			isa = XCConfigurationList;
			buildConfigurations = (
				7A1461B91C3A1C3A009ECF24 /* Debug */,
				7A1461BA1C3A1C3A009ECF24 /* Release */,
			);
			defaultConfigurationIsVisible = 0;
			defaultConfigurationName = Release;
		};
/* End XCConfigurationList section */
	};
	rootObject = 7A14619F1C3A1C3A009ECF24 /* Project object */;
}
