// !$*UTF8*$!
{
	archiveVersion = 1;
	classes = {
	};
	objectVersion = 46;
	objects = {

/* Begin PBXBuildFile section */
		7A090E571C3F5D4B00614565 /* activityTheme in Resources */ = {isa = PBXBuildFile; fileRef = 7A090E561C3F5D4B00614565 /* activityTheme */; };
		7A090E5A1C3F5ED400614565 /* ActivityThemeView.m in Sources */ = {isa = PBXBuildFile; fileRef = 7A090E591C3F5ED400614565 /* ActivityThemeView.m */; };
		7A0C55371C3F9E1B003C764F /* blueArrow.png in Resources */ = {isa = PBXBuildFile; fileRef = 7A0C55331C3F9E1B003C764F /* blueArrow.png */; };
		7A0C55381C3F9E1B003C764F /* blueArrowDown.png in Resources */ = {isa = PBXBuildFile; fileRef = 7A0C55341C3F9E1B003C764F /* blueArrowDown.png */; };
		7A0C55391C3F9E1B003C764F /* PullingRefreshTableView.m in Sources */ = {isa = PBXBuildFile; fileRef = 7A0C55361C3F9E1B003C764F /* PullingRefreshTableView.m */; settings = {COMPILER_FLAGS = "-fno-objc-arc"; }; };
		7A0C553D1C3FA3AD003C764F /* GoodActivityTableViewCell.m in Sources */ = {isa = PBXBuildFile; fileRef = 7A0C553B1C3FA3AD003C764F /* GoodActivityTableViewCell.m */; };
		7A0C553E1C3FA3AD003C764F /* GoodActivityTableViewCell.xib in Resources */ = {isa = PBXBuildFile; fileRef = 7A0C553C1C3FA3AD003C764F /* GoodActivityTableViewCell.xib */; };
		7A0C55411C3FBE51003C764F /* GoodActivityModel.m in Sources */ = {isa = PBXBuildFile; fileRef = 7A0C55401C3FBE51003C764F /* GoodActivityModel.m */; };
		7A0C55431C3FC327003C764F /* GoodActivity in Resources */ = {isa = PBXBuildFile; fileRef = 7A0C55421C3FC327003C764F /* GoodActivity */; };
		7A0E70D81C3CBBF200D825CC /* SelectCityViewController.m in Sources */ = {isa = PBXBuildFile; fileRef = 7A0E70D71C3CBBF200D825CC /* SelectCityViewController.m */; };
		7A0E70DB1C3CBD9100D825CC /* SearchViewController.m in Sources */ = {isa = PBXBuildFile; fileRef = 7A0E70DA1C3CBD9100D825CC /* SearchViewController.m */; };
		7A0E70DE1C3CBE7000D825CC /* ActivityDetailViewController.m in Sources */ = {isa = PBXBuildFile; fileRef = 7A0E70DD1C3CBE7000D825CC /* ActivityDetailViewController.m */; };
		7A0E70E11C3CBF3F00D825CC /* ThemeViewController.m in Sources */ = {isa = PBXBuildFile; fileRef = 7A0E70E01C3CBF3F00D825CC /* ThemeViewController.m */; };
		7A0E70E41C3CBFEE00D825CC /* ClassifyViewController.m in Sources */ = {isa = PBXBuildFile; fileRef = 7A0E70E31C3CBFEE00D825CC /* ClassifyViewController.m */; };
		7A0E70E71C3CC06200D825CC /* GoodActivityViewController.m in Sources */ = {isa = PBXBuildFile; fileRef = 7A0E70E61C3CC06200D825CC /* GoodActivityViewController.m */; };
		7A0E70EA1C3CC06F00D825CC /* HotActivityViewController.m in Sources */ = {isa = PBXBuildFile; fileRef = 7A0E70E91C3CC06F00D825CC /* HotActivityViewController.m */; };
		7A1095AD1C449F6700311EB0 /* ProgressHUD.bundle in Resources */ = {isa = PBXBuildFile; fileRef = 7A1095AA1C449F6700311EB0 /* ProgressHUD.bundle */; };
		7A1095AE1C449F6700311EB0 /* ProgressHUD.m in Sources */ = {isa = PBXBuildFile; fileRef = 7A1095AC1C449F6700311EB0 /* ProgressHUD.m */; };
		7A11F0F21C43420300E507FB /* HotActivityTableViewCell.m in Sources */ = {isa = PBXBuildFile; fileRef = 7A11F0F01C43420300E507FB /* HotActivityTableViewCell.m */; };
		7A11F0F31C43420300E507FB /* HotActivityTableViewCell.xib in Resources */ = {isa = PBXBuildFile; fileRef = 7A11F0F11C43420300E507FB /* HotActivityTableViewCell.xib */; };
		7A11F0FD1C438FE000E507FB /* VOContentLayer.m in Sources */ = {isa = PBXBuildFile; fileRef = 7A11F0F61C438FE000E507FB /* VOContentLayer.m */; };
		7A11F0FE1C438FE000E507FB /* VOIndicatorAnimation.m in Sources */ = {isa = PBXBuildFile; fileRef = 7A11F0F81C438FE000E507FB /* VOIndicatorAnimation.m */; };
		7A11F0FF1C438FE000E507FB /* VOSegment.m in Sources */ = {isa = PBXBuildFile; fileRef = 7A11F0FA1C438FE000E507FB /* VOSegment.m */; };
		7A11F1001C438FE000E507FB /* VOSegmentedControl.m in Sources */ = {isa = PBXBuildFile; fileRef = 7A11F0FC1C438FE000E507FB /* VOSegmentedControl.m */; };
		7A11F1021C43A88800E507FB /* typeid22.plist in Resources */ = {isa = PBXBuildFile; fileRef = 7A11F1011C43A88800E507FB /* typeid22.plist */; };
		7A11F1041C43A88E00E507FB /* typeid6.plist in Resources */ = {isa = PBXBuildFile; fileRef = 7A11F1031C43A88E00E507FB /* typeid6.plist */; };
		7A11F1061C43A89200E507FB /* typeud21.plist in Resources */ = {isa = PBXBuildFile; fileRef = 7A11F1051C43A89200E507FB /* typeud21.plist */; };
		7A11F1081C43A89500E507FB /* typeid23.plist in Resources */ = {isa = PBXBuildFile; fileRef = 7A11F1071C43A89500E507FB /* typeid23.plist */; };
		7A126E861C48E90A00119BCC /* BmobSDK.framework in Frameworks */ = {isa = PBXBuildFile; fileRef = 7A126E851C48E90A00119BCC /* BmobSDK.framework */; };
		7A126E881C48E96E00119BCC /* CoreLocation.framework in Frameworks */ = {isa = PBXBuildFile; fileRef = 7A126E871C48E96E00119BCC /* CoreLocation.framework */; };
		7A126E8A1C48E99B00119BCC /* MobileCoreServices.framework in Frameworks */ = {isa = PBXBuildFile; fileRef = 7A126E891C48E99B00119BCC /* MobileCoreServices.framework */; };
		7A126E8C1C48E9A500119BCC /* CFNetwork.framework in Frameworks */ = {isa = PBXBuildFile; fileRef = 7A126E8B1C48E9A500119BCC /* CFNetwork.framework */; };
		7A126E8E1C48E9C500119BCC /* libz.1.2.5.tbd in Frameworks */ = {isa = PBXBuildFile; fileRef = 7A126E8D1C48E9C500119BCC /* libz.1.2.5.tbd */; };
		7A126E901C48E9DE00119BCC /* libicucore.tbd in Frameworks */ = {isa = PBXBuildFile; fileRef = 7A126E8F1C48E9DE00119BCC /* libicucore.tbd */; };
		7A126E921C48E9EC00119BCC /* AVFoundation.framework in Frameworks */ = {isa = PBXBuildFile; fileRef = 7A126E911C48E9EC00119BCC /* AVFoundation.framework */; };
		7A126E941C48E9F800119BCC /* MediaPlayer.framework in Frameworks */ = {isa = PBXBuildFile; fileRef = 7A126E931C48E9F800119BCC /* MediaPlayer.framework */; };
		7A126E9B1C48ED8600119BCC /* LoginViewController.m in Sources */ = {isa = PBXBuildFile; fileRef = 7A126E9A1C48ED8600119BCC /* LoginViewController.m */; };
		7A126E9D1C48EDBD00119BCC /* login.storyboard in Resources */ = {isa = PBXBuildFile; fileRef = 7A126E9C1C48EDBD00119BCC /* login.storyboard */; };
		7A1461AC1C3A1C3A009ECF24 /* main.m in Sources */ = {isa = PBXBuildFile; fileRef = 7A1461AB1C3A1C3A009ECF24 /* main.m */; };
		7A1461AF1C3A1C3A009ECF24 /* AppDelegate.m in Sources */ = {isa = PBXBuildFile; fileRef = 7A1461AE1C3A1C3A009ECF24 /* AppDelegate.m */; };
		7A1461B11C3A1C3A009ECF24 /* Assets.xcassets in Resources */ = {isa = PBXBuildFile; fileRef = 7A1461B01C3A1C3A009ECF24 /* Assets.xcassets */; };
		7A1461B41C3A1C3A009ECF24 /* LaunchScreen.storyboard in Resources */ = {isa = PBXBuildFile; fileRef = 7A1461B21C3A1C3A009ECF24 /* LaunchScreen.storyboard */; };
		7A1461D71C3A4E35009ECF24 /* DiscoverViewController.m in Sources */ = {isa = PBXBuildFile; fileRef = 7A1461C81C3A4E35009ECF24 /* DiscoverViewController.m */; };
		7A1461D81C3A4E35009ECF24 /* MainViewController.m in Sources */ = {isa = PBXBuildFile; fileRef = 7A1461CE1C3A4E35009ECF24 /* MainViewController.m */; };
		7A1461D91C3A4E35009ECF24 /* MineViewController.m in Sources */ = {isa = PBXBuildFile; fileRef = 7A1461D41C3A4E35009ECF24 /* MineViewController.m */; };
		7A1461DF1C3A50C3009ECF24 /* DiscoverStoryboard.storyboard in Resources */ = {isa = PBXBuildFile; fileRef = 7A1461DE1C3A50C3009ECF24 /* DiscoverStoryboard.storyboard */; };
		7A1461E11C3A50CF009ECF24 /* MainStoryboard.storyboard in Resources */ = {isa = PBXBuildFile; fileRef = 7A1461E01C3A50CF009ECF24 /* MainStoryboard.storyboard */; };
		7A1461E31C3A50E0009ECF24 /* MineStoryboard.storyboard in Resources */ = {isa = PBXBuildFile; fileRef = 7A1461E21C3A50E0009ECF24 /* MineStoryboard.storyboard */; };
		7A1461E71C3A766B009ECF24 /* MainTableViewCell.m in Sources */ = {isa = PBXBuildFile; fileRef = 7A1461E51C3A766B009ECF24 /* MainTableViewCell.m */; };
		7A1461E81C3A766B009ECF24 /* MainTableViewCell.xib in Resources */ = {isa = PBXBuildFile; fileRef = 7A1461E61C3A766B009ECF24 /* MainTableViewCell.xib */; };
		7A4E615D1C4779D000DA8ACE /* libWeChatSDK.a in Frameworks */ = {isa = PBXBuildFile; fileRef = 7A4E61591C4779D000DA8ACE /* libWeChatSDK.a */; };
		7A4E615F1C477A2C00DA8ACE /* libsqlite3.0.tbd in Frameworks */ = {isa = PBXBuildFile; fileRef = 7A4E615E1C477A2C00DA8ACE /* libsqlite3.0.tbd */; };
		7A4E61611C477A3E00DA8ACE /* libc++.tbd in Frameworks */ = {isa = PBXBuildFile; fileRef = 7A4E61601C477A3E00DA8ACE /* libc++.tbd */; };
		7A4E61631C4784A100DA8ACE /* 007.jpg in Resources */ = {isa = PBXBuildFile; fileRef = 7A4E61621C4784A100DA8ACE /* 007.jpg */; };
		7A4EB8531C4740E700B6A5B1 /* ShareView.m in Sources */ = {isa = PBXBuildFile; fileRef = 7A4EB8521C4740E700B6A5B1 /* ShareView.m */; };
		7A4EB8591C474EC200B6A5B1 /* ShareViewController.m in Sources */ = {isa = PBXBuildFile; fileRef = 7A4EB8581C474EC200B6A5B1 /* ShareViewController.m */; };
		7A5D0B4C1C3E10FC002D4089 /* ActivityDetailView.m in Sources */ = {isa = PBXBuildFile; fileRef = 7A5D0B4B1C3E10FC002D4089 /* ActivityDetailView.m */; };
		7A5D0B5F1C3E8B23002D4089 /* HWtools.m in Sources */ = {isa = PBXBuildFile; fileRef = 7A5D0B591C3E8B23002D4089 /* HWtools.m */; };
		7A5D0B601C3E8B23002D4089 /* UIView+Extension.m in Sources */ = {isa = PBXBuildFile; fileRef = 7A5D0B5C1C3E8B23002D4089 /* UIView+Extension.m */; };
		7A5D0B611C3E8B23002D4089 /* UIViewController+Common.m in Sources */ = {isa = PBXBuildFile; fileRef = 7A5D0B5E1C3E8B23002D4089 /* UIViewController+Common.m */; };
		7A728FF71C44FA7B00FF1C84 /* DiscoveryTableViewCell.m in Sources */ = {isa = PBXBuildFile; fileRef = 7A728FF51C44FA7B00FF1C84 /* DiscoveryTableViewCell.m */; };
		7A728FF81C44FA7B00FF1C84 /* DiscoveryTableViewCell.xib in Resources */ = {isa = PBXBuildFile; fileRef = 7A728FF61C44FA7B00FF1C84 /* DiscoveryTableViewCell.xib */; };
		7A7290751C450F2100FF1C84 /* discover in Resources */ = {isa = PBXBuildFile; fileRef = 7A7290741C450F2100FF1C84 /* discover */; };
		7A7290781C450F4F00FF1C84 /* DiscoveryModel.m in Sources */ = {isa = PBXBuildFile; fileRef = 7A7290771C450F4F00FF1C84 /* DiscoveryModel.m */; };
		7AAA6B081C3B9D640030B5E5 /* main in Resources */ = {isa = PBXBuildFile; fileRef = 7AAA6B071C3B9D640030B5E5 /* main */; };
		7AAA6B0B1C3BA0660030B5E5 /* MainModel.m in Sources */ = {isa = PBXBuildFile; fileRef = 7AAA6B0A1C3BA0660030B5E5 /* MainModel.m */; };
		7AAB91461C3D1B030015E05A /* activityDetail in Resources */ = {isa = PBXBuildFile; fileRef = 7AAB91451C3D1B030015E05A /* activityDetail */; };
		7ACB2ADB1C462C070099D8AC /* MessageUI.framework in Frameworks */ = {isa = PBXBuildFile; fileRef = 7ACB2ADA1C462C070099D8AC /* MessageUI.framework */; };
		7ACB2AE91C464F4A0099D8AC /* libWeiboSDK.a in Frameworks */ = {isa = PBXBuildFile; fileRef = 7ACB2ADD1C464F4A0099D8AC /* libWeiboSDK.a */; };
		7ACB2AEA1C464F4A0099D8AC /* WeiboSDK.bundle in Resources */ = {isa = PBXBuildFile; fileRef = 7ACB2AE61C464F4A0099D8AC /* WeiboSDK.bundle */; };
		7ACB2AEC1C4650310099D8AC /* QuartzCore.framework in Frameworks */ = {isa = PBXBuildFile; fileRef = 7ACB2AEB1C4650310099D8AC /* QuartzCore.framework */; };
		7ACB2AEE1C46503B0099D8AC /* ImageIO.framework in Frameworks */ = {isa = PBXBuildFile; fileRef = 7ACB2AED1C46503B0099D8AC /* ImageIO.framework */; };
		7ACB2AF01C4650490099D8AC /* SystemConfiguration.framework in Frameworks */ = {isa = PBXBuildFile; fileRef = 7ACB2AEF1C4650490099D8AC /* SystemConfiguration.framework */; };
		7ACB2AF21C4650550099D8AC /* Security.framework in Frameworks */ = {isa = PBXBuildFile; fileRef = 7ACB2AF11C4650550099D8AC /* Security.framework */; };
		7ACB2AF41C4650600099D8AC /* CoreTelephony.framework in Frameworks */ = {isa = PBXBuildFile; fileRef = 7ACB2AF31C4650600099D8AC /* CoreTelephony.framework */; };
		7ACB2AF61C46506A0099D8AC /* CoreText.framework in Frameworks */ = {isa = PBXBuildFile; fileRef = 7ACB2AF51C46506A0099D8AC /* CoreText.framework */; };
		7ACB2AF81C4650730099D8AC /* UIKit.framework in Frameworks */ = {isa = PBXBuildFile; fileRef = 7ACB2AF71C4650730099D8AC /* UIKit.framework */; };
		7ACB2AFA1C46507D0099D8AC /* Foundation.framework in Frameworks */ = {isa = PBXBuildFile; fileRef = 7ACB2AF91C46507D0099D8AC /* Foundation.framework */; };
		7ACB2AFC1C4650880099D8AC /* CoreGraphics.framework in Frameworks */ = {isa = PBXBuildFile; fileRef = 7ACB2AFB1C4650880099D8AC /* CoreGraphics.framework */; };
		7ACB2AFE1C4650930099D8AC /* libz.tbd in Frameworks */ = {isa = PBXBuildFile; fileRef = 7ACB2AFD1C4650930099D8AC /* libz.tbd */; };
		7ACB2B001C4650A60099D8AC /* libsqlite3.tbd in Frameworks */ = {isa = PBXBuildFile; fileRef = 7ACB2AFF1C4650A60099D8AC /* libsqlite3.tbd */; };
		7D4C24FAB1E850F51F24D29E /* libPods.a in Frameworks */ = {isa = PBXBuildFile; fileRef = 41F02FB9DCE46F57D258F1A3 /* libPods.a */; };
/* End PBXBuildFile section */

/* Begin PBXFileReference section */
		41F02FB9DCE46F57D258F1A3 /* libPods.a */ = {isa = PBXFileReference; explicitFileType = archive.ar; includeInIndex = 0; path = libPods.a; sourceTree = BUILT_PRODUCTS_DIR; };
		4AA258B7DAAADBF3CED53B63 /* Pods.release.xcconfig */ = {isa = PBXFileReference; includeInIndex = 1; lastKnownFileType = text.xcconfig; name = Pods.release.xcconfig; path = "Pods/Target Support Files/Pods/Pods.release.xcconfig"; sourceTree = "<group>"; };
		7A090E561C3F5D4B00614565 /* activityTheme */ = {isa = PBXFileReference; fileEncoding = 4; lastKnownFileType = text; path = activityTheme; sourceTree = "<group>"; };
		7A090E581C3F5ED400614565 /* ActivityThemeView.h */ = {isa = PBXFileReference; fileEncoding = 4; lastKnownFileType = sourcecode.c.h; path = ActivityThemeView.h; sourceTree = "<group>"; };
		7A090E591C3F5ED400614565 /* ActivityThemeView.m */ = {isa = PBXFileReference; fileEncoding = 4; lastKnownFileType = sourcecode.c.objc; path = ActivityThemeView.m; sourceTree = "<group>"; };
		7A0C55331C3F9E1B003C764F /* blueArrow.png */ = {isa = PBXFileReference; lastKnownFileType = image.png; path = blueArrow.png; sourceTree = "<group>"; };
		7A0C55341C3F9E1B003C764F /* blueArrowDown.png */ = {isa = PBXFileReference; lastKnownFileType = image.png; path = blueArrowDown.png; sourceTree = "<group>"; };
		7A0C55351C3F9E1B003C764F /* PullingRefreshTableView.h */ = {isa = PBXFileReference; fileEncoding = 4; lastKnownFileType = sourcecode.c.h; path = PullingRefreshTableView.h; sourceTree = "<group>"; };
		7A0C55361C3F9E1B003C764F /* PullingRefreshTableView.m */ = {isa = PBXFileReference; fileEncoding = 4; lastKnownFileType = sourcecode.c.objc; path = PullingRefreshTableView.m; sourceTree = "<group>"; };
		7A0C553A1C3FA3AD003C764F /* GoodActivityTableViewCell.h */ = {isa = PBXFileReference; fileEncoding = 4; lastKnownFileType = sourcecode.c.h; path = GoodActivityTableViewCell.h; sourceTree = "<group>"; };
		7A0C553B1C3FA3AD003C764F /* GoodActivityTableViewCell.m */ = {isa = PBXFileReference; fileEncoding = 4; lastKnownFileType = sourcecode.c.objc; path = GoodActivityTableViewCell.m; sourceTree = "<group>"; };
		7A0C553C1C3FA3AD003C764F /* GoodActivityTableViewCell.xib */ = {isa = PBXFileReference; fileEncoding = 4; lastKnownFileType = file.xib; path = GoodActivityTableViewCell.xib; sourceTree = "<group>"; };
		7A0C553F1C3FBE51003C764F /* GoodActivityModel.h */ = {isa = PBXFileReference; fileEncoding = 4; lastKnownFileType = sourcecode.c.h; path = GoodActivityModel.h; sourceTree = "<group>"; };
		7A0C55401C3FBE51003C764F /* GoodActivityModel.m */ = {isa = PBXFileReference; fileEncoding = 4; lastKnownFileType = sourcecode.c.objc; path = GoodActivityModel.m; sourceTree = "<group>"; };
		7A0C55421C3FC327003C764F /* GoodActivity */ = {isa = PBXFileReference; fileEncoding = 4; lastKnownFileType = text; path = GoodActivity; sourceTree = "<group>"; };
		7A0E70D61C3CBBF200D825CC /* SelectCityViewController.h */ = {isa = PBXFileReference; fileEncoding = 4; lastKnownFileType = sourcecode.c.h; path = SelectCityViewController.h; sourceTree = "<group>"; };
		7A0E70D71C3CBBF200D825CC /* SelectCityViewController.m */ = {isa = PBXFileReference; fileEncoding = 4; lastKnownFileType = sourcecode.c.objc; path = SelectCityViewController.m; sourceTree = "<group>"; };
		7A0E70D91C3CBD9100D825CC /* SearchViewController.h */ = {isa = PBXFileReference; fileEncoding = 4; lastKnownFileType = sourcecode.c.h; path = SearchViewController.h; sourceTree = "<group>"; };
		7A0E70DA1C3CBD9100D825CC /* SearchViewController.m */ = {isa = PBXFileReference; fileEncoding = 4; lastKnownFileType = sourcecode.c.objc; path = SearchViewController.m; sourceTree = "<group>"; };
		7A0E70DC1C3CBE7000D825CC /* ActivityDetailViewController.h */ = {isa = PBXFileReference; fileEncoding = 4; lastKnownFileType = sourcecode.c.h; path = ActivityDetailViewController.h; sourceTree = "<group>"; };
		7A0E70DD1C3CBE7000D825CC /* ActivityDetailViewController.m */ = {isa = PBXFileReference; fileEncoding = 4; lastKnownFileType = sourcecode.c.objc; path = ActivityDetailViewController.m; sourceTree = "<group>"; };
		7A0E70DF1C3CBF3F00D825CC /* ThemeViewController.h */ = {isa = PBXFileReference; fileEncoding = 4; lastKnownFileType = sourcecode.c.h; path = ThemeViewController.h; sourceTree = "<group>"; };
		7A0E70E01C3CBF3F00D825CC /* ThemeViewController.m */ = {isa = PBXFileReference; fileEncoding = 4; lastKnownFileType = sourcecode.c.objc; path = ThemeViewController.m; sourceTree = "<group>"; };
		7A0E70E21C3CBFEE00D825CC /* ClassifyViewController.h */ = {isa = PBXFileReference; fileEncoding = 4; lastKnownFileType = sourcecode.c.h; path = ClassifyViewController.h; sourceTree = "<group>"; };
		7A0E70E31C3CBFEE00D825CC /* ClassifyViewController.m */ = {isa = PBXFileReference; fileEncoding = 4; lastKnownFileType = sourcecode.c.objc; path = ClassifyViewController.m; sourceTree = "<group>"; };
		7A0E70E51C3CC06200D825CC /* GoodActivityViewController.h */ = {isa = PBXFileReference; fileEncoding = 4; lastKnownFileType = sourcecode.c.h; path = GoodActivityViewController.h; sourceTree = "<group>"; };
		7A0E70E61C3CC06200D825CC /* GoodActivityViewController.m */ = {isa = PBXFileReference; fileEncoding = 4; lastKnownFileType = sourcecode.c.objc; path = GoodActivityViewController.m; sourceTree = "<group>"; };
		7A0E70E81C3CC06F00D825CC /* HotActivityViewController.h */ = {isa = PBXFileReference; fileEncoding = 4; lastKnownFileType = sourcecode.c.h; path = HotActivityViewController.h; sourceTree = "<group>"; };
		7A0E70E91C3CC06F00D825CC /* HotActivityViewController.m */ = {isa = PBXFileReference; fileEncoding = 4; lastKnownFileType = sourcecode.c.objc; path = HotActivityViewController.m; sourceTree = "<group>"; };
		7A1095AA1C449F6700311EB0 /* ProgressHUD.bundle */ = {isa = PBXFileReference; lastKnownFileType = "wrapper.plug-in"; path = ProgressHUD.bundle; sourceTree = "<group>"; };
		7A1095AB1C449F6700311EB0 /* ProgressHUD.h */ = {isa = PBXFileReference; fileEncoding = 4; lastKnownFileType = sourcecode.c.h; path = ProgressHUD.h; sourceTree = "<group>"; };
		7A1095AC1C449F6700311EB0 /* ProgressHUD.m */ = {isa = PBXFileReference; fileEncoding = 4; lastKnownFileType = sourcecode.c.objc; path = ProgressHUD.m; sourceTree = "<group>"; };
		7A11F0EF1C43420300E507FB /* HotActivityTableViewCell.h */ = {isa = PBXFileReference; fileEncoding = 4; lastKnownFileType = sourcecode.c.h; path = HotActivityTableViewCell.h; sourceTree = "<group>"; };
		7A11F0F01C43420300E507FB /* HotActivityTableViewCell.m */ = {isa = PBXFileReference; fileEncoding = 4; lastKnownFileType = sourcecode.c.objc; path = HotActivityTableViewCell.m; sourceTree = "<group>"; };
		7A11F0F11C43420300E507FB /* HotActivityTableViewCell.xib */ = {isa = PBXFileReference; fileEncoding = 4; lastKnownFileType = file.xib; path = HotActivityTableViewCell.xib; sourceTree = "<group>"; };
		7A11F0F51C438FE000E507FB /* VOContentLayer.h */ = {isa = PBXFileReference; fileEncoding = 4; lastKnownFileType = sourcecode.c.h; path = VOContentLayer.h; sourceTree = "<group>"; };
		7A11F0F61C438FE000E507FB /* VOContentLayer.m */ = {isa = PBXFileReference; fileEncoding = 4; lastKnownFileType = sourcecode.c.objc; path = VOContentLayer.m; sourceTree = "<group>"; };
		7A11F0F71C438FE000E507FB /* VOIndicatorAnimation.h */ = {isa = PBXFileReference; fileEncoding = 4; lastKnownFileType = sourcecode.c.h; path = VOIndicatorAnimation.h; sourceTree = "<group>"; };
		7A11F0F81C438FE000E507FB /* VOIndicatorAnimation.m */ = {isa = PBXFileReference; fileEncoding = 4; lastKnownFileType = sourcecode.c.objc; path = VOIndicatorAnimation.m; sourceTree = "<group>"; };
		7A11F0F91C438FE000E507FB /* VOSegment.h */ = {isa = PBXFileReference; fileEncoding = 4; lastKnownFileType = sourcecode.c.h; path = VOSegment.h; sourceTree = "<group>"; };
		7A11F0FA1C438FE000E507FB /* VOSegment.m */ = {isa = PBXFileReference; fileEncoding = 4; lastKnownFileType = sourcecode.c.objc; path = VOSegment.m; sourceTree = "<group>"; };
		7A11F0FB1C438FE000E507FB /* VOSegmentedControl.h */ = {isa = PBXFileReference; fileEncoding = 4; lastKnownFileType = sourcecode.c.h; path = VOSegmentedControl.h; sourceTree = "<group>"; };
		7A11F0FC1C438FE000E507FB /* VOSegmentedControl.m */ = {isa = PBXFileReference; fileEncoding = 4; lastKnownFileType = sourcecode.c.objc; path = VOSegmentedControl.m; sourceTree = "<group>"; };
		7A11F1011C43A88800E507FB /* typeid22.plist */ = {isa = PBXFileReference; lastKnownFileType = text.plist; path = typeid22.plist; sourceTree = "<group>"; };
		7A11F1031C43A88E00E507FB /* typeid6.plist */ = {isa = PBXFileReference; lastKnownFileType = text.plist; path = typeid6.plist; sourceTree = "<group>"; };
		7A11F1051C43A89200E507FB /* typeud21.plist */ = {isa = PBXFileReference; lastKnownFileType = text.plist; path = typeud21.plist; sourceTree = "<group>"; };
		7A11F1071C43A89500E507FB /* typeid23.plist */ = {isa = PBXFileReference; lastKnownFileType = text.plist; path = typeid23.plist; sourceTree = "<group>"; };
		7A126E851C48E90A00119BCC /* BmobSDK.framework */ = {isa = PBXFileReference; lastKnownFileType = wrapper.framework; path = BmobSDK.framework; sourceTree = "<group>"; };
		7A126E871C48E96E00119BCC /* CoreLocation.framework */ = {isa = PBXFileReference; lastKnownFileType = wrapper.framework; name = CoreLocation.framework; path = System/Library/Frameworks/CoreLocation.framework; sourceTree = SDKROOT; };
		7A126E891C48E99B00119BCC /* MobileCoreServices.framework */ = {isa = PBXFileReference; lastKnownFileType = wrapper.framework; name = MobileCoreServices.framework; path = System/Library/Frameworks/MobileCoreServices.framework; sourceTree = SDKROOT; };
		7A126E8B1C48E9A500119BCC /* CFNetwork.framework */ = {isa = PBXFileReference; lastKnownFileType = wrapper.framework; name = CFNetwork.framework; path = System/Library/Frameworks/CFNetwork.framework; sourceTree = SDKROOT; };
		7A126E8D1C48E9C500119BCC /* libz.1.2.5.tbd */ = {isa = PBXFileReference; lastKnownFileType = "sourcecode.text-based-dylib-definition"; name = libz.1.2.5.tbd; path = usr/lib/libz.1.2.5.tbd; sourceTree = SDKROOT; };
		7A126E8F1C48E9DE00119BCC /* libicucore.tbd */ = {isa = PBXFileReference; lastKnownFileType = "sourcecode.text-based-dylib-definition"; name = libicucore.tbd; path = usr/lib/libicucore.tbd; sourceTree = SDKROOT; };
		7A126E911C48E9EC00119BCC /* AVFoundation.framework */ = {isa = PBXFileReference; lastKnownFileType = wrapper.framework; name = AVFoundation.framework; path = System/Library/Frameworks/AVFoundation.framework; sourceTree = SDKROOT; };
		7A126E931C48E9F800119BCC /* MediaPlayer.framework */ = {isa = PBXFileReference; lastKnownFileType = wrapper.framework; name = MediaPlayer.framework; path = System/Library/Frameworks/MediaPlayer.framework; sourceTree = SDKROOT; };
		7A126E991C48ED8600119BCC /* LoginViewController.h */ = {isa = PBXFileReference; fileEncoding = 4; lastKnownFileType = sourcecode.c.h; path = LoginViewController.h; sourceTree = "<group>"; };
		7A126E9A1C48ED8600119BCC /* LoginViewController.m */ = {isa = PBXFileReference; fileEncoding = 4; lastKnownFileType = sourcecode.c.objc; path = LoginViewController.m; sourceTree = "<group>"; };
		7A126E9C1C48EDBD00119BCC /* login.storyboard */ = {isa = PBXFileReference; fileEncoding = 4; lastKnownFileType = file.storyboard; path = login.storyboard; sourceTree = "<group>"; };
		7A1461A71C3A1C3A009ECF24 /* HiWeekend.app */ = {isa = PBXFileReference; explicitFileType = wrapper.application; includeInIndex = 0; path = HiWeekend.app; sourceTree = BUILT_PRODUCTS_DIR; };
		7A1461AB1C3A1C3A009ECF24 /* main.m */ = {isa = PBXFileReference; lastKnownFileType = sourcecode.c.objc; path = main.m; sourceTree = "<group>"; };
		7A1461AD1C3A1C3A009ECF24 /* AppDelegate.h */ = {isa = PBXFileReference; lastKnownFileType = sourcecode.c.h; path = AppDelegate.h; sourceTree = "<group>"; };
		7A1461AE1C3A1C3A009ECF24 /* AppDelegate.m */ = {isa = PBXFileReference; lastKnownFileType = sourcecode.c.objc; path = AppDelegate.m; sourceTree = "<group>"; };
		7A1461B01C3A1C3A009ECF24 /* Assets.xcassets */ = {isa = PBXFileReference; lastKnownFileType = folder.assetcatalog; path = Assets.xcassets; sourceTree = "<group>"; };
		7A1461B31C3A1C3A009ECF24 /* Base */ = {isa = PBXFileReference; lastKnownFileType = file.storyboard; name = Base; path = Base.lproj/LaunchScreen.storyboard; sourceTree = "<group>"; };
		7A1461B51C3A1C3A009ECF24 /* Info.plist */ = {isa = PBXFileReference; lastKnownFileType = text.plist.xml; path = Info.plist; sourceTree = "<group>"; };
		7A1461C71C3A4E35009ECF24 /* DiscoverViewController.h */ = {isa = PBXFileReference; fileEncoding = 4; lastKnownFileType = sourcecode.c.h; path = DiscoverViewController.h; sourceTree = "<group>"; };
		7A1461C81C3A4E35009ECF24 /* DiscoverViewController.m */ = {isa = PBXFileReference; fileEncoding = 4; lastKnownFileType = sourcecode.c.objc; path = DiscoverViewController.m; sourceTree = "<group>"; };
		7A1461CD1C3A4E35009ECF24 /* MainViewController.h */ = {isa = PBXFileReference; fileEncoding = 4; lastKnownFileType = sourcecode.c.h; path = MainViewController.h; sourceTree = "<group>"; };
		7A1461CE1C3A4E35009ECF24 /* MainViewController.m */ = {isa = PBXFileReference; fileEncoding = 4; lastKnownFileType = sourcecode.c.objc; path = MainViewController.m; sourceTree = "<group>"; };
		7A1461D31C3A4E35009ECF24 /* MineViewController.h */ = {isa = PBXFileReference; fileEncoding = 4; lastKnownFileType = sourcecode.c.h; path = MineViewController.h; sourceTree = "<group>"; };
		7A1461D41C3A4E35009ECF24 /* MineViewController.m */ = {isa = PBXFileReference; fileEncoding = 4; lastKnownFileType = sourcecode.c.objc; path = MineViewController.m; sourceTree = "<group>"; };
		7A1461DE1C3A50C3009ECF24 /* DiscoverStoryboard.storyboard */ = {isa = PBXFileReference; fileEncoding = 4; lastKnownFileType = file.storyboard; path = DiscoverStoryboard.storyboard; sourceTree = "<group>"; };
		7A1461E01C3A50CF009ECF24 /* MainStoryboard.storyboard */ = {isa = PBXFileReference; fileEncoding = 4; lastKnownFileType = file.storyboard; path = MainStoryboard.storyboard; sourceTree = "<group>"; };
		7A1461E21C3A50E0009ECF24 /* MineStoryboard.storyboard */ = {isa = PBXFileReference; fileEncoding = 4; lastKnownFileType = file.storyboard; path = MineStoryboard.storyboard; sourceTree = "<group>"; };
		7A1461E41C3A766B009ECF24 /* MainTableViewCell.h */ = {isa = PBXFileReference; fileEncoding = 4; lastKnownFileType = sourcecode.c.h; path = MainTableViewCell.h; sourceTree = "<group>"; };
		7A1461E51C3A766B009ECF24 /* MainTableViewCell.m */ = {isa = PBXFileReference; fileEncoding = 4; lastKnownFileType = sourcecode.c.objc; path = MainTableViewCell.m; sourceTree = "<group>"; };
		7A1461E61C3A766B009ECF24 /* MainTableViewCell.xib */ = {isa = PBXFileReference; fileEncoding = 4; lastKnownFileType = file.xib; path = MainTableViewCell.xib; sourceTree = "<group>"; };
		7A4E61591C4779D000DA8ACE /* libWeChatSDK.a */ = {isa = PBXFileReference; lastKnownFileType = archive.ar; path = libWeChatSDK.a; sourceTree = "<group>"; };
		7A4E615B1C4779D000DA8ACE /* WXApi.h */ = {isa = PBXFileReference; fileEncoding = 4; lastKnownFileType = sourcecode.c.h; path = WXApi.h; sourceTree = "<group>"; };
		7A4E615C1C4779D000DA8ACE /* WXApiObject.h */ = {isa = PBXFileReference; fileEncoding = 4; lastKnownFileType = sourcecode.c.h; path = WXApiObject.h; sourceTree = "<group>"; };
		7A4E615E1C477A2C00DA8ACE /* libsqlite3.0.tbd */ = {isa = PBXFileReference; lastKnownFileType = "sourcecode.text-based-dylib-definition"; name = libsqlite3.0.tbd; path = usr/lib/libsqlite3.0.tbd; sourceTree = SDKROOT; };
		7A4E61601C477A3E00DA8ACE /* libc++.tbd */ = {isa = PBXFileReference; lastKnownFileType = "sourcecode.text-based-dylib-definition"; name = "libc++.tbd"; path = "usr/lib/libc++.tbd"; sourceTree = SDKROOT; };
		7A4E61621C4784A100DA8ACE /* 007.jpg */ = {isa = PBXFileReference; lastKnownFileType = image.jpeg; path = 007.jpg; sourceTree = "<group>"; };
		7A4EB8511C4740E700B6A5B1 /* ShareView.h */ = {isa = PBXFileReference; fileEncoding = 4; lastKnownFileType = sourcecode.c.h; path = ShareView.h; sourceTree = "<group>"; };
		7A4EB8521C4740E700B6A5B1 /* ShareView.m */ = {isa = PBXFileReference; fileEncoding = 4; lastKnownFileType = sourcecode.c.objc; path = ShareView.m; sourceTree = "<group>"; };
		7A4EB8571C474EC200B6A5B1 /* ShareViewController.h */ = {isa = PBXFileReference; fileEncoding = 4; lastKnownFileType = sourcecode.c.h; path = ShareViewController.h; sourceTree = "<group>"; };
		7A4EB8581C474EC200B6A5B1 /* ShareViewController.m */ = {isa = PBXFileReference; fileEncoding = 4; lastKnownFileType = sourcecode.c.objc; path = ShareViewController.m; sourceTree = "<group>"; };
		7A5D0B4A1C3E10FC002D4089 /* ActivityDetailView.h */ = {isa = PBXFileReference; fileEncoding = 4; lastKnownFileType = sourcecode.c.h; path = ActivityDetailView.h; sourceTree = "<group>"; };
		7A5D0B4B1C3E10FC002D4089 /* ActivityDetailView.m */ = {isa = PBXFileReference; fileEncoding = 4; lastKnownFileType = sourcecode.c.objc; path = ActivityDetailView.m; sourceTree = "<group>"; };
		7A5D0B571C3E8B23002D4089 /* HWHeader.h */ = {isa = PBXFileReference; fileEncoding = 4; lastKnownFileType = sourcecode.c.h; path = HWHeader.h; sourceTree = "<group>"; };
		7A5D0B581C3E8B23002D4089 /* HWtools.h */ = {isa = PBXFileReference; fileEncoding = 4; lastKnownFileType = sourcecode.c.h; path = HWtools.h; sourceTree = "<group>"; };
		7A5D0B591C3E8B23002D4089 /* HWtools.m */ = {isa = PBXFileReference; fileEncoding = 4; lastKnownFileType = sourcecode.c.objc; path = HWtools.m; sourceTree = "<group>"; };
		7A5D0B5A1C3E8B23002D4089 /* pch.pch */ = {isa = PBXFileReference; fileEncoding = 4; lastKnownFileType = sourcecode.c.h; path = pch.pch; sourceTree = "<group>"; };
		7A5D0B5B1C3E8B23002D4089 /* UIView+Extension.h */ = {isa = PBXFileReference; fileEncoding = 4; lastKnownFileType = sourcecode.c.h; path = "UIView+Extension.h"; sourceTree = "<group>"; };
		7A5D0B5C1C3E8B23002D4089 /* UIView+Extension.m */ = {isa = PBXFileReference; fileEncoding = 4; lastKnownFileType = sourcecode.c.objc; path = "UIView+Extension.m"; sourceTree = "<group>"; };
		7A5D0B5D1C3E8B23002D4089 /* UIViewController+Common.h */ = {isa = PBXFileReference; fileEncoding = 4; lastKnownFileType = sourcecode.c.h; path = "UIViewController+Common.h"; sourceTree = "<group>"; };
		7A5D0B5E1C3E8B23002D4089 /* UIViewController+Common.m */ = {isa = PBXFileReference; fileEncoding = 4; lastKnownFileType = sourcecode.c.objc; path = "UIViewController+Common.m"; sourceTree = "<group>"; };
		7A728FF41C44FA7B00FF1C84 /* DiscoveryTableViewCell.h */ = {isa = PBXFileReference; fileEncoding = 4; lastKnownFileType = sourcecode.c.h; path = DiscoveryTableViewCell.h; sourceTree = "<group>"; };
		7A728FF51C44FA7B00FF1C84 /* DiscoveryTableViewCell.m */ = {isa = PBXFileReference; fileEncoding = 4; lastKnownFileType = sourcecode.c.objc; path = DiscoveryTableViewCell.m; sourceTree = "<group>"; };
		7A728FF61C44FA7B00FF1C84 /* DiscoveryTableViewCell.xib */ = {isa = PBXFileReference; fileEncoding = 4; lastKnownFileType = file.xib; path = DiscoveryTableViewCell.xib; sourceTree = "<group>"; };
		7A7290741C450F2100FF1C84 /* discover */ = {isa = PBXFileReference; fileEncoding = 4; lastKnownFileType = text; path = discover; sourceTree = "<group>"; };
		7A7290761C450F4F00FF1C84 /* DiscoveryModel.h */ = {isa = PBXFileReference; fileEncoding = 4; lastKnownFileType = sourcecode.c.h; path = DiscoveryModel.h; sourceTree = "<group>"; };
		7A7290771C450F4F00FF1C84 /* DiscoveryModel.m */ = {isa = PBXFileReference; fileEncoding = 4; lastKnownFileType = sourcecode.c.objc; path = DiscoveryModel.m; sourceTree = "<group>"; };
		7AAA6B071C3B9D640030B5E5 /* main */ = {isa = PBXFileReference; fileEncoding = 4; lastKnownFileType = text; path = main; sourceTree = "<group>"; };
		7AAA6B091C3BA0660030B5E5 /* MainModel.h */ = {isa = PBXFileReference; fileEncoding = 4; lastKnownFileType = sourcecode.c.h; path = MainModel.h; sourceTree = "<group>"; };
		7AAA6B0A1C3BA0660030B5E5 /* MainModel.m */ = {isa = PBXFileReference; fileEncoding = 4; lastKnownFileType = sourcecode.c.objc; path = MainModel.m; sourceTree = "<group>"; };
		7AAB91451C3D1B030015E05A /* activityDetail */ = {isa = PBXFileReference; fileEncoding = 4; lastKnownFileType = text; path = activityDetail; sourceTree = "<group>"; };
		7ACB2ADA1C462C070099D8AC /* MessageUI.framework */ = {isa = PBXFileReference; lastKnownFileType = wrapper.framework; name = MessageUI.framework; path = System/Library/Frameworks/MessageUI.framework; sourceTree = SDKROOT; };
		7ACB2ADD1C464F4A0099D8AC /* libWeiboSDK.a */ = {isa = PBXFileReference; lastKnownFileType = archive.ar; path = libWeiboSDK.a; sourceTree = "<group>"; };
		7ACB2ADE1C464F4A0099D8AC /* WBHttpRequest+WeiboGame.h */ = {isa = PBXFileReference; fileEncoding = 4; lastKnownFileType = sourcecode.c.h; path = "WBHttpRequest+WeiboGame.h"; sourceTree = "<group>"; };
		7ACB2ADF1C464F4A0099D8AC /* WBHttpRequest+WeiboShare.h */ = {isa = PBXFileReference; fileEncoding = 4; lastKnownFileType = sourcecode.c.h; path = "WBHttpRequest+WeiboShare.h"; sourceTree = "<group>"; };
		7ACB2AE01C464F4A0099D8AC /* WBHttpRequest+WeiboToken.h */ = {isa = PBXFileReference; fileEncoding = 4; lastKnownFileType = sourcecode.c.h; path = "WBHttpRequest+WeiboToken.h"; sourceTree = "<group>"; };
		7ACB2AE11C464F4A0099D8AC /* WBHttpRequest+WeiboUser.h */ = {isa = PBXFileReference; fileEncoding = 4; lastKnownFileType = sourcecode.c.h; path = "WBHttpRequest+WeiboUser.h"; sourceTree = "<group>"; };
		7ACB2AE21C464F4A0099D8AC /* WBHttpRequest.h */ = {isa = PBXFileReference; fileEncoding = 4; lastKnownFileType = sourcecode.c.h; path = WBHttpRequest.h; sourceTree = "<group>"; };
		7ACB2AE31C464F4A0099D8AC /* WBSDKBasicButton.h */ = {isa = PBXFileReference; fileEncoding = 4; lastKnownFileType = sourcecode.c.h; path = WBSDKBasicButton.h; sourceTree = "<group>"; };
		7ACB2AE41C464F4A0099D8AC /* WBSDKCommentButton.h */ = {isa = PBXFileReference; fileEncoding = 4; lastKnownFileType = sourcecode.c.h; path = WBSDKCommentButton.h; sourceTree = "<group>"; };
		7ACB2AE51C464F4A0099D8AC /* WBSDKRelationshipButton.h */ = {isa = PBXFileReference; fileEncoding = 4; lastKnownFileType = sourcecode.c.h; path = WBSDKRelationshipButton.h; sourceTree = "<group>"; };
		7ACB2AE61C464F4A0099D8AC /* WeiboSDK.bundle */ = {isa = PBXFileReference; lastKnownFileType = "wrapper.plug-in"; path = WeiboSDK.bundle; sourceTree = "<group>"; };
		7ACB2AE71C464F4A0099D8AC /* WeiboSDK.h */ = {isa = PBXFileReference; fileEncoding = 4; lastKnownFileType = sourcecode.c.h; path = WeiboSDK.h; sourceTree = "<group>"; };
		7ACB2AE81C464F4A0099D8AC /* WeiboUser.h */ = {isa = PBXFileReference; fileEncoding = 4; lastKnownFileType = sourcecode.c.h; path = WeiboUser.h; sourceTree = "<group>"; };
		7ACB2AEB1C4650310099D8AC /* QuartzCore.framework */ = {isa = PBXFileReference; lastKnownFileType = wrapper.framework; name = QuartzCore.framework; path = System/Library/Frameworks/QuartzCore.framework; sourceTree = SDKROOT; };
		7ACB2AED1C46503B0099D8AC /* ImageIO.framework */ = {isa = PBXFileReference; lastKnownFileType = wrapper.framework; name = ImageIO.framework; path = System/Library/Frameworks/ImageIO.framework; sourceTree = SDKROOT; };
		7ACB2AEF1C4650490099D8AC /* SystemConfiguration.framework */ = {isa = PBXFileReference; lastKnownFileType = wrapper.framework; name = SystemConfiguration.framework; path = System/Library/Frameworks/SystemConfiguration.framework; sourceTree = SDKROOT; };
		7ACB2AF11C4650550099D8AC /* Security.framework */ = {isa = PBXFileReference; lastKnownFileType = wrapper.framework; name = Security.framework; path = System/Library/Frameworks/Security.framework; sourceTree = SDKROOT; };
		7ACB2AF31C4650600099D8AC /* CoreTelephony.framework */ = {isa = PBXFileReference; lastKnownFileType = wrapper.framework; name = CoreTelephony.framework; path = System/Library/Frameworks/CoreTelephony.framework; sourceTree = SDKROOT; };
		7ACB2AF51C46506A0099D8AC /* CoreText.framework */ = {isa = PBXFileReference; lastKnownFileType = wrapper.framework; name = CoreText.framework; path = System/Library/Frameworks/CoreText.framework; sourceTree = SDKROOT; };
		7ACB2AF71C4650730099D8AC /* UIKit.framework */ = {isa = PBXFileReference; lastKnownFileType = wrapper.framework; name = UIKit.framework; path = System/Library/Frameworks/UIKit.framework; sourceTree = SDKROOT; };
		7ACB2AF91C46507D0099D8AC /* Foundation.framework */ = {isa = PBXFileReference; lastKnownFileType = wrapper.framework; name = Foundation.framework; path = System/Library/Frameworks/Foundation.framework; sourceTree = SDKROOT; };
		7ACB2AFB1C4650880099D8AC /* CoreGraphics.framework */ = {isa = PBXFileReference; lastKnownFileType = wrapper.framework; name = CoreGraphics.framework; path = System/Library/Frameworks/CoreGraphics.framework; sourceTree = SDKROOT; };
		7ACB2AFD1C4650930099D8AC /* libz.tbd */ = {isa = PBXFileReference; lastKnownFileType = "sourcecode.text-based-dylib-definition"; name = libz.tbd; path = usr/lib/libz.tbd; sourceTree = SDKROOT; };
		7ACB2AFF1C4650A60099D8AC /* libsqlite3.tbd */ = {isa = PBXFileReference; lastKnownFileType = "sourcecode.text-based-dylib-definition"; name = libsqlite3.tbd; path = usr/lib/libsqlite3.tbd; sourceTree = SDKROOT; };
		B7EFB4AC9C1EA88504B16BCE /* Pods.debug.xcconfig */ = {isa = PBXFileReference; includeInIndex = 1; lastKnownFileType = text.xcconfig; name = Pods.debug.xcconfig; path = "Pods/Target Support Files/Pods/Pods.debug.xcconfig"; sourceTree = "<group>"; };
/* End PBXFileReference section */

/* Begin PBXFrameworksBuildPhase section */
		7A1461A41C3A1C3A009ECF24 /* Frameworks */ = {
			isa = PBXFrameworksBuildPhase;
			buildActionMask = 2147483647;
			files = (
				7A126E941C48E9F800119BCC /* MediaPlayer.framework in Frameworks */,
				7A126E921C48E9EC00119BCC /* AVFoundation.framework in Frameworks */,
				7A126E901C48E9DE00119BCC /* libicucore.tbd in Frameworks */,
				7A126E8E1C48E9C500119BCC /* libz.1.2.5.tbd in Frameworks */,
				7A126E8C1C48E9A500119BCC /* CFNetwork.framework in Frameworks */,
				7A126E8A1C48E99B00119BCC /* MobileCoreServices.framework in Frameworks */,
				7ACB2AFC1C4650880099D8AC /* CoreGraphics.framework in Frameworks */,
				7A126E881C48E96E00119BCC /* CoreLocation.framework in Frameworks */,
				7A4E61611C477A3E00DA8ACE /* libc++.tbd in Frameworks */,
				7A126E861C48E90A00119BCC /* BmobSDK.framework in Frameworks */,
				7A4E615F1C477A2C00DA8ACE /* libsqlite3.0.tbd in Frameworks */,
				7ACB2B001C4650A60099D8AC /* libsqlite3.tbd in Frameworks */,
				7ACB2AFE1C4650930099D8AC /* libz.tbd in Frameworks */,
				7ACB2AFA1C46507D0099D8AC /* Foundation.framework in Frameworks */,
				7ACB2AF81C4650730099D8AC /* UIKit.framework in Frameworks */,
				7ACB2AF61C46506A0099D8AC /* CoreText.framework in Frameworks */,
				7ACB2AF41C4650600099D8AC /* CoreTelephony.framework in Frameworks */,
				7ACB2AF21C4650550099D8AC /* Security.framework in Frameworks */,
				7ACB2AF01C4650490099D8AC /* SystemConfiguration.framework in Frameworks */,
				7ACB2AEE1C46503B0099D8AC /* ImageIO.framework in Frameworks */,
				7ACB2AEC1C4650310099D8AC /* QuartzCore.framework in Frameworks */,
				7ACB2ADB1C462C070099D8AC /* MessageUI.framework in Frameworks */,
				7ACB2AE91C464F4A0099D8AC /* libWeiboSDK.a in Frameworks */,
				7D4C24FAB1E850F51F24D29E /* libPods.a in Frameworks */,
				7A4E615D1C4779D000DA8ACE /* libWeChatSDK.a in Frameworks */,
			);
			runOnlyForDeploymentPostprocessing = 0;
		};
/* End PBXFrameworksBuildPhase section */

/* Begin PBXGroup section */
		10F1EC64345003C81EEDA486 /* Pods */ = {
			isa = PBXGroup;
			children = (
				B7EFB4AC9C1EA88504B16BCE /* Pods.debug.xcconfig */,
				4AA258B7DAAADBF3CED53B63 /* Pods.release.xcconfig */,
			);
			name = Pods;
			sourceTree = "<group>";
		};
		7A0C55321C3F9E1B003C764F /* PullingRefreshTableView */ = {
			isa = PBXGroup;
			children = (
				7A0C55331C3F9E1B003C764F /* blueArrow.png */,
				7A0C55341C3F9E1B003C764F /* blueArrowDown.png */,
				7A0C55351C3F9E1B003C764F /* PullingRefreshTableView.h */,
				7A0C55361C3F9E1B003C764F /* PullingRefreshTableView.m */,
			);
			name = PullingRefreshTableView;
			path = ../PullingRefreshTableView;
			sourceTree = "<group>";
		};
		7A1095A81C449F6700311EB0 /* Library */ = {
			isa = PBXGroup;
			children = (
				7A1095A91C449F6700311EB0 /* ProgressHUD */,
			);
			path = Library;
			sourceTree = "<group>";
		};
		7A1095A91C449F6700311EB0 /* ProgressHUD */ = {
			isa = PBXGroup;
			children = (
				7A1095AA1C449F6700311EB0 /* ProgressHUD.bundle */,
				7A1095AB1C449F6700311EB0 /* ProgressHUD.h */,
				7A1095AC1C449F6700311EB0 /* ProgressHUD.m */,
			);
			path = ProgressHUD;
			sourceTree = "<group>";
		};
		7A11F0F41C438FE000E507FB /* VOSegmentedControl */ = {
			isa = PBXGroup;
			children = (
				7A11F0F51C438FE000E507FB /* VOContentLayer.h */,
				7A11F0F61C438FE000E507FB /* VOContentLayer.m */,
				7A11F0F71C438FE000E507FB /* VOIndicatorAnimation.h */,
				7A11F0F81C438FE000E507FB /* VOIndicatorAnimation.m */,
				7A11F0F91C438FE000E507FB /* VOSegment.h */,
				7A11F0FA1C438FE000E507FB /* VOSegment.m */,
				7A11F0FB1C438FE000E507FB /* VOSegmentedControl.h */,
				7A11F0FC1C438FE000E507FB /* VOSegmentedControl.m */,
			);
			name = VOSegmentedControl;
			path = ../Tools/VOSegmentedControl;
			sourceTree = "<group>";
		};
		7A126E951C48ED5100119BCC /* Login */ = {
			isa = PBXGroup;
			children = (
				7A126E961C48ED5100119BCC /* Controller */,
				7A126E971C48ED5100119BCC /* Model */,
				7A126E981C48ED5100119BCC /* View */,
			);
			path = Login;
			sourceTree = "<group>";
		};
		7A126E961C48ED5100119BCC /* Controller */ = {
			isa = PBXGroup;
			children = (
				7A126E991C48ED8600119BCC /* LoginViewController.h */,
				7A126E9A1C48ED8600119BCC /* LoginViewController.m */,
			);
			path = Controller;
			sourceTree = "<group>";
		};
		7A126E971C48ED5100119BCC /* Model */ = {
			isa = PBXGroup;
			children = (
			);
			path = Model;
			sourceTree = "<group>";
		};
		7A126E981C48ED5100119BCC /* View */ = {
			isa = PBXGroup;
			children = (
				7A126E9C1C48EDBD00119BCC /* login.storyboard */,
			);
			path = View;
			sourceTree = "<group>";
		};
		7A14619E1C3A1C3A009ECF24 = {
			isa = PBXGroup;
			children = (
				7A1461A91C3A1C3A009ECF24 /* HiWeekend */,
				7A1461A81C3A1C3A009ECF24 /* Products */,
				10F1EC64345003C81EEDA486 /* Pods */,
				B777CC04BED718B6D38A8A85 /* Frameworks */,
			);
			sourceTree = "<group>";
		};
		7A1461A81C3A1C3A009ECF24 /* Products */ = {
			isa = PBXGroup;
			children = (
				7A1461A71C3A1C3A009ECF24 /* HiWeekend.app */,
			);
			name = Products;
			sourceTree = "<group>";
		};
		7A1461A91C3A1C3A009ECF24 /* HiWeekend */ = {
			isa = PBXGroup;
			children = (
				7A4E61621C4784A100DA8ACE /* 007.jpg */,
				7A1095A81C449F6700311EB0 /* Library */,
				7A5D0B561C3E8B23002D4089 /* Tools */,
				7A1461AD1C3A1C3A009ECF24 /* AppDelegate.h */,
				7A1461AE1C3A1C3A009ECF24 /* AppDelegate.m */,
				7A1461C41C3A4E35009ECF24 /* Classes */,
				7A1461DA1C3A4E3F009ECF24 /* Library */,
				7A1461DB1C3A4FB2009ECF24 /* Resource */,
				7A1461B01C3A1C3A009ECF24 /* Assets.xcassets */,
				7A1461B21C3A1C3A009ECF24 /* LaunchScreen.storyboard */,
				7A1461B51C3A1C3A009ECF24 /* Info.plist */,
				7A1461AA1C3A1C3A009ECF24 /* Supporting Files */,
			);
			path = HiWeekend;
			sourceTree = "<group>";
		};
		7A1461AA1C3A1C3A009ECF24 /* Supporting Files */ = {
			isa = PBXGroup;
			children = (
				7A1461AB1C3A1C3A009ECF24 /* main.m */,
			);
			name = "Supporting Files";
			sourceTree = "<group>";
		};
		7A1461C41C3A4E35009ECF24 /* Classes */ = {
			isa = PBXGroup;
			children = (
				7A126E951C48ED5100119BCC /* Login */,
				7A1461CB1C3A4E35009ECF24 /* Main */,
				7A1461C51C3A4E35009ECF24 /* Discover */,
				7A1461D11C3A4E35009ECF24 /* Mine */,
			);
			path = Classes;
			sourceTree = "<group>";
		};
		7A1461C51C3A4E35009ECF24 /* Discover */ = {
			isa = PBXGroup;
			children = (
				7A1461C61C3A4E35009ECF24 /* Controllers */,
				7A1461C91C3A4E35009ECF24 /* Models */,
				7A1461CA1C3A4E35009ECF24 /* Views */,
			);
			path = Discover;
			sourceTree = "<group>";
		};
		7A1461C61C3A4E35009ECF24 /* Controllers */ = {
			isa = PBXGroup;
			children = (
				7A1461C71C3A4E35009ECF24 /* DiscoverViewController.h */,
				7A1461C81C3A4E35009ECF24 /* DiscoverViewController.m */,
			);
			path = Controllers;
			sourceTree = "<group>";
		};
		7A1461C91C3A4E35009ECF24 /* Models */ = {
			isa = PBXGroup;
			children = (
				7A7290741C450F2100FF1C84 /* discover */,
				7A7290761C450F4F00FF1C84 /* DiscoveryModel.h */,
				7A7290771C450F4F00FF1C84 /* DiscoveryModel.m */,
			);
			path = Models;
			sourceTree = "<group>";
		};
		7A1461CA1C3A4E35009ECF24 /* Views */ = {
			isa = PBXGroup;
			children = (
				7A1461DE1C3A50C3009ECF24 /* DiscoverStoryboard.storyboard */,
				7A728FF41C44FA7B00FF1C84 /* DiscoveryTableViewCell.h */,
				7A728FF51C44FA7B00FF1C84 /* DiscoveryTableViewCell.m */,
				7A728FF61C44FA7B00FF1C84 /* DiscoveryTableViewCell.xib */,
			);
			path = Views;
			sourceTree = "<group>";
		};
		7A1461CB1C3A4E35009ECF24 /* Main */ = {
			isa = PBXGroup;
			children = (
				7A1461CC1C3A4E35009ECF24 /* Controllers */,
				7A1461CF1C3A4E35009ECF24 /* Models */,
				7A1461D01C3A4E35009ECF24 /* Views */,
			);
			path = Main;
			sourceTree = "<group>";
		};
		7A1461CC1C3A4E35009ECF24 /* Controllers */ = {
			isa = PBXGroup;
			children = (
				7A1461CD1C3A4E35009ECF24 /* MainViewController.h */,
				7A1461CE1C3A4E35009ECF24 /* MainViewController.m */,
				7A0E70E51C3CC06200D825CC /* GoodActivityViewController.h */,
				7A0E70E61C3CC06200D825CC /* GoodActivityViewController.m */,
				7A0E70E81C3CC06F00D825CC /* HotActivityViewController.h */,
				7A0E70E91C3CC06F00D825CC /* HotActivityViewController.m */,
				7A0E70DF1C3CBF3F00D825CC /* ThemeViewController.h */,
				7A0E70E01C3CBF3F00D825CC /* ThemeViewController.m */,
				7A0E70D61C3CBBF200D825CC /* SelectCityViewController.h */,
				7A0E70D71C3CBBF200D825CC /* SelectCityViewController.m */,
				7A0E70D91C3CBD9100D825CC /* SearchViewController.h */,
				7A0E70DA1C3CBD9100D825CC /* SearchViewController.m */,
				7A0E70DC1C3CBE7000D825CC /* ActivityDetailViewController.h */,
				7A0E70DD1C3CBE7000D825CC /* ActivityDetailViewController.m */,
				7A0E70E21C3CBFEE00D825CC /* ClassifyViewController.h */,
				7A0E70E31C3CBFEE00D825CC /* ClassifyViewController.m */,
			);
			path = Controllers;
			sourceTree = "<group>";
		};
		7A1461CF1C3A4E35009ECF24 /* Models */ = {
			isa = PBXGroup;
			children = (
				7AAA6B071C3B9D640030B5E5 /* main */,
				7AAB91451C3D1B030015E05A /* activityDetail */,
				7A090E561C3F5D4B00614565 /* activityTheme */,
				7A0C55421C3FC327003C764F /* GoodActivity */,
				7A11F1031C43A88E00E507FB /* typeid6.plist */,
				7A11F1011C43A88800E507FB /* typeid22.plist */,
				7A11F1051C43A89200E507FB /* typeud21.plist */,
				7A11F1071C43A89500E507FB /* typeid23.plist */,
				7AAA6B091C3BA0660030B5E5 /* MainModel.h */,
				7AAA6B0A1C3BA0660030B5E5 /* MainModel.m */,
				7A0C553F1C3FBE51003C764F /* GoodActivityModel.h */,
				7A0C55401C3FBE51003C764F /* GoodActivityModel.m */,
			);
			path = Models;
			sourceTree = "<group>";
		};
		7A1461D01C3A4E35009ECF24 /* Views */ = {
			isa = PBXGroup;
			children = (
				7A1461E01C3A50CF009ECF24 /* MainStoryboard.storyboard */,
				7A1461E41C3A766B009ECF24 /* MainTableViewCell.h */,
				7A1461E51C3A766B009ECF24 /* MainTableViewCell.m */,
				7A1461E61C3A766B009ECF24 /* MainTableViewCell.xib */,
				7A5D0B4A1C3E10FC002D4089 /* ActivityDetailView.h */,
				7A5D0B4B1C3E10FC002D4089 /* ActivityDetailView.m */,
				7A090E581C3F5ED400614565 /* ActivityThemeView.h */,
				7A090E591C3F5ED400614565 /* ActivityThemeView.m */,
				7A0C553A1C3FA3AD003C764F /* GoodActivityTableViewCell.h */,
				7A0C553B1C3FA3AD003C764F /* GoodActivityTableViewCell.m */,
				7A0C553C1C3FA3AD003C764F /* GoodActivityTableViewCell.xib */,
				7A11F0EF1C43420300E507FB /* HotActivityTableViewCell.h */,
				7A11F0F01C43420300E507FB /* HotActivityTableViewCell.m */,
				7A11F0F11C43420300E507FB /* HotActivityTableViewCell.xib */,
			);
			path = Views;
			sourceTree = "<group>";
		};
		7A1461D11C3A4E35009ECF24 /* Mine */ = {
			isa = PBXGroup;
			children = (
				7A1461D21C3A4E35009ECF24 /* Controllers */,
				7A1461D51C3A4E35009ECF24 /* Models */,
				7A1461D61C3A4E35009ECF24 /* Views */,
			);
			path = Mine;
			sourceTree = "<group>";
		};
		7A1461D21C3A4E35009ECF24 /* Controllers */ = {
			isa = PBXGroup;
			children = (
				7A1461D31C3A4E35009ECF24 /* MineViewController.h */,
				7A1461D41C3A4E35009ECF24 /* MineViewController.m */,
				7A4EB8571C474EC200B6A5B1 /* ShareViewController.h */,
				7A4EB8581C474EC200B6A5B1 /* ShareViewController.m */,
			);
			path = Controllers;
			sourceTree = "<group>";
		};
		7A1461D51C3A4E35009ECF24 /* Models */ = {
			isa = PBXGroup;
			children = (
			);
			path = Models;
			sourceTree = "<group>";
		};
		7A1461D61C3A4E35009ECF24 /* Views */ = {
			isa = PBXGroup;
			children = (
				7A1461E21C3A50E0009ECF24 /* MineStoryboard.storyboard */,
				7A4EB8511C4740E700B6A5B1 /* ShareView.h */,
				7A4EB8521C4740E700B6A5B1 /* ShareView.m */,
			);
			path = Views;
			sourceTree = "<group>";
		};
		7A1461DA1C3A4E3F009ECF24 /* Library */ = {
			isa = PBXGroup;
			children = (
				7A4E61581C4779D000DA8ACE /* SDK1.6.2 */,
				7ACB2ADC1C464F4A0099D8AC /* libWeiboSDK */,
				7A11F0F41C438FE000E507FB /* VOSegmentedControl */,
			);
			path = Library;
			sourceTree = "<group>";
		};
		7A1461DB1C3A4FB2009ECF24 /* Resource */ = {
			isa = PBXGroup;
			children = (
				7A0C55321C3F9E1B003C764F /* PullingRefreshTableView */,
			);
			path = Resource;
			sourceTree = "<group>";
		};
		7A4E61581C4779D000DA8ACE /* SDK1.6.2 */ = {
			isa = PBXGroup;
			children = (
				7A4E61591C4779D000DA8ACE /* libWeChatSDK.a */,
				7A4E615B1C4779D000DA8ACE /* WXApi.h */,
				7A4E615C1C4779D000DA8ACE /* WXApiObject.h */,
			);
			path = SDK1.6.2;
			sourceTree = "<group>";
		};
		7A5D0B561C3E8B23002D4089 /* Tools */ = {
			isa = PBXGroup;
			children = (
				7A5D0B571C3E8B23002D4089 /* HWHeader.h */,
				7A5D0B581C3E8B23002D4089 /* HWtools.h */,
				7A5D0B591C3E8B23002D4089 /* HWtools.m */,
				7A5D0B5A1C3E8B23002D4089 /* pch.pch */,
				7A5D0B5B1C3E8B23002D4089 /* UIView+Extension.h */,
				7A5D0B5C1C3E8B23002D4089 /* UIView+Extension.m */,
				7A5D0B5D1C3E8B23002D4089 /* UIViewController+Common.h */,
				7A5D0B5E1C3E8B23002D4089 /* UIViewController+Common.m */,
			);
			path = Tools;
			sourceTree = "<group>";
		};
		7ACB2ADC1C464F4A0099D8AC /* libWeiboSDK */ = {
			isa = PBXGroup;
			children = (
				7ACB2ADD1C464F4A0099D8AC /* libWeiboSDK.a */,
				7ACB2ADE1C464F4A0099D8AC /* WBHttpRequest+WeiboGame.h */,
				7ACB2ADF1C464F4A0099D8AC /* WBHttpRequest+WeiboShare.h */,
				7ACB2AE01C464F4A0099D8AC /* WBHttpRequest+WeiboToken.h */,
				7ACB2AE11C464F4A0099D8AC /* WBHttpRequest+WeiboUser.h */,
				7ACB2AE21C464F4A0099D8AC /* WBHttpRequest.h */,
				7ACB2AE31C464F4A0099D8AC /* WBSDKBasicButton.h */,
				7ACB2AE41C464F4A0099D8AC /* WBSDKCommentButton.h */,
				7ACB2AE51C464F4A0099D8AC /* WBSDKRelationshipButton.h */,
				7ACB2AE61C464F4A0099D8AC /* WeiboSDK.bundle */,
				7ACB2AE71C464F4A0099D8AC /* WeiboSDK.h */,
				7ACB2AE81C464F4A0099D8AC /* WeiboUser.h */,
			);
			path = libWeiboSDK;
			sourceTree = "<group>";
		};
		B777CC04BED718B6D38A8A85 /* Frameworks */ = {
			isa = PBXGroup;
			children = (
				7A126E931C48E9F800119BCC /* MediaPlayer.framework */,
				7A126E911C48E9EC00119BCC /* AVFoundation.framework */,
				7A126E8F1C48E9DE00119BCC /* libicucore.tbd */,
				7A126E8D1C48E9C500119BCC /* libz.1.2.5.tbd */,
				7A126E8B1C48E9A500119BCC /* CFNetwork.framework */,
				7A126E891C48E99B00119BCC /* MobileCoreServices.framework */,
				7A126E871C48E96E00119BCC /* CoreLocation.framework */,
				7A126E851C48E90A00119BCC /* BmobSDK.framework */,
				7A4E61601C477A3E00DA8ACE /* libc++.tbd */,
				7A4E615E1C477A2C00DA8ACE /* libsqlite3.0.tbd */,
				7ACB2AFF1C4650A60099D8AC /* libsqlite3.tbd */,
				7ACB2AFD1C4650930099D8AC /* libz.tbd */,
				7ACB2AFB1C4650880099D8AC /* CoreGraphics.framework */,
				7ACB2AF91C46507D0099D8AC /* Foundation.framework */,
				7ACB2AF71C4650730099D8AC /* UIKit.framework */,
				7ACB2AF51C46506A0099D8AC /* CoreText.framework */,
				7ACB2AF31C4650600099D8AC /* CoreTelephony.framework */,
				7ACB2AF11C4650550099D8AC /* Security.framework */,
				7ACB2AEF1C4650490099D8AC /* SystemConfiguration.framework */,
				7ACB2AED1C46503B0099D8AC /* ImageIO.framework */,
				7ACB2AEB1C4650310099D8AC /* QuartzCore.framework */,
				7ACB2ADA1C462C070099D8AC /* MessageUI.framework */,
				41F02FB9DCE46F57D258F1A3 /* libPods.a */,
			);
			name = Frameworks;
			sourceTree = "<group>";
		};
/* End PBXGroup section */

/* Begin PBXNativeTarget section */
		7A1461A61C3A1C3A009ECF24 /* HiWeekend */ = {
			isa = PBXNativeTarget;
			buildConfigurationList = 7A1461B81C3A1C3A009ECF24 /* Build configuration list for PBXNativeTarget "HiWeekend" */;
			buildPhases = (
				DCACFFC49C1BF2CDE33BBE5C /* Check Pods Manifest.lock */,
				7A1461A31C3A1C3A009ECF24 /* Sources */,
				7A1461A41C3A1C3A009ECF24 /* Frameworks */,
				7A1461A51C3A1C3A009ECF24 /* Resources */,
				0000B1D6F508DB2DF83CB24E /* Embed Pods Frameworks */,
				7413BC88832F037DD7ACE76F /* Copy Pods Resources */,
			);
			buildRules = (
			);
			dependencies = (
			);
			name = HiWeekend;
			productName = HiWeekend;
			productReference = 7A1461A71C3A1C3A009ECF24 /* HiWeekend.app */;
			productType = "com.apple.product-type.application";
		};
/* End PBXNativeTarget section */

/* Begin PBXProject section */
		7A14619F1C3A1C3A009ECF24 /* Project object */ = {
			isa = PBXProject;
			attributes = {
				LastUpgradeCheck = 0720;
				ORGANIZATIONNAME = scjy;
				TargetAttributes = {
					7A1461A61C3A1C3A009ECF24 = {
						CreatedOnToolsVersion = 7.2;
						DevelopmentTeam = 4JS35T698G;
					};
				};
			};
			buildConfigurationList = 7A1461A21C3A1C3A009ECF24 /* Build configuration list for PBXProject "HiWeekend" */;
			compatibilityVersion = "Xcode 3.2";
			developmentRegion = English;
			hasScannedForEncodings = 0;
			knownRegions = (
				en,
				Base,
			);
			mainGroup = 7A14619E1C3A1C3A009ECF24;
			productRefGroup = 7A1461A81C3A1C3A009ECF24 /* Products */;
			projectDirPath = "";
			projectRoot = "";
			targets = (
				7A1461A61C3A1C3A009ECF24 /* HiWeekend */,
			);
		};
/* End PBXProject section */

/* Begin PBXResourcesBuildPhase section */
		7A1461A51C3A1C3A009ECF24 /* Resources */ = {
			isa = PBXResourcesBuildPhase;
			buildActionMask = 2147483647;
			files = (
				7A126E9D1C48EDBD00119BCC /* login.storyboard in Resources */,
				7A090E571C3F5D4B00614565 /* activityTheme in Resources */,
				7A1461E81C3A766B009ECF24 /* MainTableViewCell.xib in Resources */,
				7A7290751C450F2100FF1C84 /* discover in Resources */,
				7A1461DF1C3A50C3009ECF24 /* DiscoverStoryboard.storyboard in Resources */,
				7AAA6B081C3B9D640030B5E5 /* main in Resources */,
				7A11F0F31C43420300E507FB /* HotActivityTableViewCell.xib in Resources */,
				7A0C55381C3F9E1B003C764F /* blueArrowDown.png in Resources */,
				7A728FF81C44FA7B00FF1C84 /* DiscoveryTableViewCell.xib in Resources */,
				7A11F1081C43A89500E507FB /* typeid23.plist in Resources */,
				7A1461B11C3A1C3A009ECF24 /* Assets.xcassets in Resources */,
				7A1461E11C3A50CF009ECF24 /* MainStoryboard.storyboard in Resources */,
				7A0C553E1C3FA3AD003C764F /* GoodActivityTableViewCell.xib in Resources */,
				7A11F1021C43A88800E507FB /* typeid22.plist in Resources */,
				7A1461B41C3A1C3A009ECF24 /* LaunchScreen.storyboard in Resources */,
				7A0C55371C3F9E1B003C764F /* blueArrow.png in Resources */,
				7A11F1041C43A88E00E507FB /* typeid6.plist in Resources */,
				7A11F1061C43A89200E507FB /* typeud21.plist in Resources */,
				7A1095AD1C449F6700311EB0 /* ProgressHUD.bundle in Resources */,
				7A0C55431C3FC327003C764F /* GoodActivity in Resources */,
				7ACB2AEA1C464F4A0099D8AC /* WeiboSDK.bundle in Resources */,
				7AAB91461C3D1B030015E05A /* activityDetail in Resources */,
				7A1461E31C3A50E0009ECF24 /* MineStoryboard.storyboard in Resources */,
				7A4E61631C4784A100DA8ACE /* 007.jpg in Resources */,
			);
			runOnlyForDeploymentPostprocessing = 0;
		};
/* End PBXResourcesBuildPhase section */

/* Begin PBXShellScriptBuildPhase section */
		0000B1D6F508DB2DF83CB24E /* Embed Pods Frameworks */ = {
			isa = PBXShellScriptBuildPhase;
			buildActionMask = 2147483647;
			files = (
			);
			inputPaths = (
			);
			name = "Embed Pods Frameworks";
			outputPaths = (
			);
			runOnlyForDeploymentPostprocessing = 0;
			shellPath = /bin/sh;
			shellScript = "\"${SRCROOT}/Pods/Target Support Files/Pods/Pods-frameworks.sh\"\n";
			showEnvVarsInLog = 0;
		};
		7413BC88832F037DD7ACE76F /* Copy Pods Resources */ = {
			isa = PBXShellScriptBuildPhase;
			buildActionMask = 2147483647;
			files = (
			);
			inputPaths = (
			);
			name = "Copy Pods Resources";
			outputPaths = (
			);
			runOnlyForDeploymentPostprocessing = 0;
			shellPath = /bin/sh;
			shellScript = "\"${SRCROOT}/Pods/Target Support Files/Pods/Pods-resources.sh\"\n";
			showEnvVarsInLog = 0;
		};
		DCACFFC49C1BF2CDE33BBE5C /* Check Pods Manifest.lock */ = {
			isa = PBXShellScriptBuildPhase;
			buildActionMask = 2147483647;
			files = (
			);
			inputPaths = (
			);
			name = "Check Pods Manifest.lock";
			outputPaths = (
			);
			runOnlyForDeploymentPostprocessing = 0;
			shellPath = /bin/sh;
			shellScript = "diff \"${PODS_ROOT}/../Podfile.lock\" \"${PODS_ROOT}/Manifest.lock\" > /dev/null\nif [[ $? != 0 ]] ; then\n    cat << EOM\nerror: The sandbox is not in sync with the Podfile.lock. Run 'pod install' or update your CocoaPods installation.\nEOM\n    exit 1\nfi\n";
			showEnvVarsInLog = 0;
		};
/* End PBXShellScriptBuildPhase section */

/* Begin PBXSourcesBuildPhase section */
		7A1461A31C3A1C3A009ECF24 /* Sources */ = {
			isa = PBXSourcesBuildPhase;
			buildActionMask = 2147483647;
			files = (
				7A0E70E41C3CBFEE00D825CC /* ClassifyViewController.m in Sources */,
				7A0E70EA1C3CC06F00D825CC /* HotActivityViewController.m in Sources */,
				7A4EB8591C474EC200B6A5B1 /* ShareViewController.m in Sources */,
				7A1461E71C3A766B009ECF24 /* MainTableViewCell.m in Sources */,
				7A0E70E71C3CC06200D825CC /* GoodActivityViewController.m in Sources */,
				7A5D0B5F1C3E8B23002D4089 /* HWtools.m in Sources */,
				7A11F0F21C43420300E507FB /* HotActivityTableViewCell.m in Sources */,
				7A5D0B601C3E8B23002D4089 /* UIView+Extension.m in Sources */,
				7A1461AF1C3A1C3A009ECF24 /* AppDelegate.m in Sources */,
				7A5D0B611C3E8B23002D4089 /* UIViewController+Common.m in Sources */,
				7A1461D71C3A4E35009ECF24 /* DiscoverViewController.m in Sources */,
				7A1095AE1C449F6700311EB0 /* ProgressHUD.m in Sources */,
				7A0C55411C3FBE51003C764F /* GoodActivityModel.m in Sources */,
				7A7290781C450F4F00FF1C84 /* DiscoveryModel.m in Sources */,
				7A1461D91C3A4E35009ECF24 /* MineViewController.m in Sources */,
				7A11F0FF1C438FE000E507FB /* VOSegment.m in Sources */,
				7A0E70DE1C3CBE7000D825CC /* ActivityDetailViewController.m in Sources */,
				7A090E5A1C3F5ED400614565 /* ActivityThemeView.m in Sources */,
				7A0E70DB1C3CBD9100D825CC /* SearchViewController.m in Sources */,
				7A4EB8531C4740E700B6A5B1 /* ShareView.m in Sources */,
				7A126E9B1C48ED8600119BCC /* LoginViewController.m in Sources */,
				7A728FF71C44FA7B00FF1C84 /* DiscoveryTableViewCell.m in Sources */,
				7A0C55391C3F9E1B003C764F /* PullingRefreshTableView.m in Sources */,
				7A11F0FD1C438FE000E507FB /* VOContentLayer.m in Sources */,
				7A0E70E11C3CBF3F00D825CC /* ThemeViewController.m in Sources */,
				7A5D0B4C1C3E10FC002D4089 /* ActivityDetailView.m in Sources */,
				7A1461AC1C3A1C3A009ECF24 /* main.m in Sources */,
				7A0E70D81C3CBBF200D825CC /* SelectCityViewController.m in Sources */,
				7A1461D81C3A4E35009ECF24 /* MainViewController.m in Sources */,
				7A11F0FE1C438FE000E507FB /* VOIndicatorAnimation.m in Sources */,
				7AAA6B0B1C3BA0660030B5E5 /* MainModel.m in Sources */,
				7A0C553D1C3FA3AD003C764F /* GoodActivityTableViewCell.m in Sources */,
				7A11F1001C438FE000E507FB /* VOSegmentedControl.m in Sources */,
			);
			runOnlyForDeploymentPostprocessing = 0;
		};
/* End PBXSourcesBuildPhase section */

/* Begin PBXVariantGroup section */
		7A1461B21C3A1C3A009ECF24 /* LaunchScreen.storyboard */ = {
			isa = PBXVariantGroup;
			children = (
				7A1461B31C3A1C3A009ECF24 /* Base */,
			);
			name = LaunchScreen.storyboard;
			sourceTree = "<group>";
		};
/* End PBXVariantGroup section */

/* Begin XCBuildConfiguration section */
		7A1461B61C3A1C3A009ECF24 /* Debug */ = {
			isa = XCBuildConfiguration;
			buildSettings = {
				ALWAYS_SEARCH_USER_PATHS = NO;
				CLANG_CXX_LANGUAGE_STANDARD = "gnu++0x";
				CLANG_CXX_LIBRARY = "libc++";
				CLANG_ENABLE_MODULES = YES;
				CLANG_ENABLE_OBJC_ARC = YES;
				CLANG_WARN_BOOL_CONVERSION = YES;
				CLANG_WARN_CONSTANT_CONVERSION = YES;
				CLANG_WARN_DIRECT_OBJC_ISA_USAGE = YES_ERROR;
				CLANG_WARN_EMPTY_BODY = YES;
				CLANG_WARN_ENUM_CONVERSION = YES;
				CLANG_WARN_INT_CONVERSION = YES;
				CLANG_WARN_OBJC_ROOT_CLASS = YES_ERROR;
				CLANG_WARN_UNREACHABLE_CODE = YES;
				CLANG_WARN__DUPLICATE_METHOD_MATCH = YES;
				"CODE_SIGN_IDENTITY[sdk=iphoneos*]" = "iPhone Developer";
				COPY_PHASE_STRIP = NO;
				DEBUG_INFORMATION_FORMAT = dwarf;
				ENABLE_STRICT_OBJC_MSGSEND = YES;
				ENABLE_TESTABILITY = YES;
				GCC_C_LANGUAGE_STANDARD = gnu99;
				GCC_DYNAMIC_NO_PIC = NO;
				GCC_NO_COMMON_BLOCKS = YES;
				GCC_OPTIMIZATION_LEVEL = 0;
				GCC_PREPROCESSOR_DEFINITIONS = (
					"DEBUG=1",
					"$(inherited)",
				);
				GCC_WARN_64_TO_32_BIT_CONVERSION = YES;
				GCC_WARN_ABOUT_RETURN_TYPE = YES_ERROR;
				GCC_WARN_UNDECLARED_SELECTOR = YES;
				GCC_WARN_UNINITIALIZED_AUTOS = YES_AGGRESSIVE;
				GCC_WARN_UNUSED_FUNCTION = YES;
				GCC_WARN_UNUSED_VARIABLE = YES;
				IPHONEOS_DEPLOYMENT_TARGET = 9.2;
				MTL_ENABLE_DEBUG_INFO = YES;
				ONLY_ACTIVE_ARCH = YES;
				SDKROOT = iphoneos;
			};
			name = Debug;
		};
		7A1461B71C3A1C3A009ECF24 /* Release */ = {
			isa = XCBuildConfiguration;
			buildSettings = {
				ALWAYS_SEARCH_USER_PATHS = NO;
				CLANG_CXX_LANGUAGE_STANDARD = "gnu++0x";
				CLANG_CXX_LIBRARY = "libc++";
				CLANG_ENABLE_MODULES = YES;
				CLANG_ENABLE_OBJC_ARC = YES;
				CLANG_WARN_BOOL_CONVERSION = YES;
				CLANG_WARN_CONSTANT_CONVERSION = YES;
				CLANG_WARN_DIRECT_OBJC_ISA_USAGE = YES_ERROR;
				CLANG_WARN_EMPTY_BODY = YES;
				CLANG_WARN_ENUM_CONVERSION = YES;
				CLANG_WARN_INT_CONVERSION = YES;
				CLANG_WARN_OBJC_ROOT_CLASS = YES_ERROR;
				CLANG_WARN_UNREACHABLE_CODE = YES;
				CLANG_WARN__DUPLICATE_METHOD_MATCH = YES;
				"CODE_SIGN_IDENTITY[sdk=iphoneos*]" = "iPhone Developer";
				COPY_PHASE_STRIP = NO;
				DEBUG_INFORMATION_FORMAT = "dwarf-with-dsym";
				ENABLE_NS_ASSERTIONS = NO;
				ENABLE_STRICT_OBJC_MSGSEND = YES;
				GCC_C_LANGUAGE_STANDARD = gnu99;
				GCC_NO_COMMON_BLOCKS = YES;
				GCC_WARN_64_TO_32_BIT_CONVERSION = YES;
				GCC_WARN_ABOUT_RETURN_TYPE = YES_ERROR;
				GCC_WARN_UNDECLARED_SELECTOR = YES;
				GCC_WARN_UNINITIALIZED_AUTOS = YES_AGGRESSIVE;
				GCC_WARN_UNUSED_FUNCTION = YES;
				GCC_WARN_UNUSED_VARIABLE = YES;
				IPHONEOS_DEPLOYMENT_TARGET = 9.2;
				MTL_ENABLE_DEBUG_INFO = NO;
				SDKROOT = iphoneos;
				VALIDATE_PRODUCT = YES;
			};
			name = Release;
		};
		7A1461B91C3A1C3A009ECF24 /* Debug */ = {
			isa = XCBuildConfiguration;
			baseConfigurationReference = B7EFB4AC9C1EA88504B16BCE /* Pods.debug.xcconfig */;
			buildSettings = {
				ASSETCATALOG_COMPILER_APPICON_NAME = AppIcon;
				CODE_SIGN_IDENTITY = "iPhone Developer";
				"CODE_SIGN_IDENTITY[sdk=iphoneos*]" = "iPhone Developer";
				FRAMEWORK_SEARCH_PATHS = (
					"$(inherited)",
					"$(PROJECT_DIR)",
				);
				GCC_PRECOMPILE_PREFIX_HEADER = YES;
				GCC_PREFIX_HEADER = "$(SRCROOT)/HiWeekend/Tools/pch.pch";
				INFOPLIST_FILE = HiWeekend/Info.plist;
				IPHONEOS_DEPLOYMENT_TARGET = 7.0;
				LD_RUNPATH_SEARCH_PATHS = "$(inherited) @executable_path/Frameworks";
				LIBRARY_SEARCH_PATHS = (
					"$(inherited)",
					"$(PROJECT_DIR)/HiWeekend/Library/libWeiboSDK",
					"$(PROJECT_DIR)/HiWeekend/Library/SDK1.6.2",
				);
				PRODUCT_BUNDLE_IDENTIFIER = zhangli.HiWeekend;
				PRODUCT_NAME = "$(TARGET_NAME)";
				PROVISIONING_PROFILE = "";
				TARGETED_DEVICE_FAMILY = 1;
			};
			name = Debug;
		};
		7A1461BA1C3A1C3A009ECF24 /* Release */ = {
			isa = XCBuildConfiguration;
			baseConfigurationReference = 4AA258B7DAAADBF3CED53B63 /* Pods.release.xcconfig */;
			buildSettings = {
				ASSETCATALOG_COMPILER_APPICON_NAME = AppIcon;
				CODE_SIGN_IDENTITY = "iPhone Developer";
				"CODE_SIGN_IDENTITY[sdk=iphoneos*]" = "iPhone Developer";
				FRAMEWORK_SEARCH_PATHS = (
					"$(inherited)",
					"$(PROJECT_DIR)",
				);
				GCC_PRECOMPILE_PREFIX_HEADER = YES;
				GCC_PREFIX_HEADER = "$(SRCROOT)/HiWeekend/Tools/pch.pch";
				INFOPLIST_FILE = HiWeekend/Info.plist;
				IPHONEOS_DEPLOYMENT_TARGET = 7.0;
				LD_RUNPATH_SEARCH_PATHS = "$(inherited) @executable_path/Frameworks";
				LIBRARY_SEARCH_PATHS = (
					"$(inherited)",
					"$(PROJECT_DIR)/HiWeekend/Library/libWeiboSDK",
					"$(PROJECT_DIR)/HiWeekend/Library/SDK1.6.2",
				);
				PRODUCT_BUNDLE_IDENTIFIER = zhangli.HiWeekend;
				PRODUCT_NAME = "$(TARGET_NAME)";
				PROVISIONING_PROFILE = "";
				TARGETED_DEVICE_FAMILY = 1;
			};
			name = Release;
		};
/* End XCBuildConfiguration section */

/* Begin XCConfigurationList section */
		7A1461A21C3A1C3A009ECF24 /* Build configuration list for PBXProject "HiWeekend" */ = {
			isa = XCConfigurationList;
			buildConfigurations = (
				7A1461B61C3A1C3A009ECF24 /* Debug */,
				7A1461B71C3A1C3A009ECF24 /* Release */,
			);
			defaultConfigurationIsVisible = 0;
			defaultConfigurationName = Release;
		};
		7A1461B81C3A1C3A009ECF24 /* Build configuration list for PBXNativeTarget "HiWeekend" */ = {
			isa = XCConfigurationList;
			buildConfigurations = (
				7A1461B91C3A1C3A009ECF24 /* Debug */,
				7A1461BA1C3A1C3A009ECF24 /* Release */,
			);
			defaultConfigurationIsVisible = 0;
			defaultConfigurationName = Release;
		};
/* End XCConfigurationList section */
	};
	rootObject = 7A14619F1C3A1C3A009ECF24 /* Project object */;
}
